// !$*UTF8*$!
{
	archiveVersion = 1;
	classes = {
	};
	objectVersion = 56;
	objects = {

/* Begin PBXBuildFile section */
		888209062B5153E00017EBD9 /* ProfessEffectApp.swift in Sources */ = {isa = PBXBuildFile; fileRef = 888209052B5153E00017EBD9 /* ProfessEffectApp.swift */; };
		888209082B5153E00017EBD9 /* ContentView.swift in Sources */ = {isa = PBXBuildFile; fileRef = 888209072B5153E00017EBD9 /* ContentView.swift */; };
		8882090A2B5153E20017EBD9 /* Assets.xcassets in Resources */ = {isa = PBXBuildFile; fileRef = 888209092B5153E20017EBD9 /* Assets.xcassets */; };
		8882090D2B5153E20017EBD9 /* Preview Assets.xcassets in Resources */ = {isa = PBXBuildFile; fileRef = 8882090C2B5153E20017EBD9 /* Preview Assets.xcassets */; };
		888209172B5153E30017EBD9 /* ProfessEffectTests.swift in Sources */ = {isa = PBXBuildFile; fileRef = 888209162B5153E30017EBD9 /* ProfessEffectTests.swift */; };
		888209212B5153E30017EBD9 /* ProfessEffectUITests.swift in Sources */ = {isa = PBXBuildFile; fileRef = 888209202B5153E30017EBD9 /* ProfessEffectUITests.swift */; };
		888209232B5153E30017EBD9 /* ProfessEffectUITestsLaunchTests.swift in Sources */ = {isa = PBXBuildFile; fileRef = 888209222B5153E30017EBD9 /* ProfessEffectUITestsLaunchTests.swift */; };
/* End PBXBuildFile section */

/* Begin PBXContainerItemProxy section */
		888209132B5153E30017EBD9 /* PBXContainerItemProxy */ = {
			isa = PBXContainerItemProxy;
			containerPortal = 888208FA2B5153E00017EBD9 /* Project object */;
			proxyType = 1;
			remoteGlobalIDString = 888209012B5153E00017EBD9;
			remoteInfo = ProfessEffect;
		};
		8882091D2B5153E30017EBD9 /* PBXContainerItemProxy */ = {
			isa = PBXContainerItemProxy;
			containerPortal = 888208FA2B5153E00017EBD9 /* Project object */;
			proxyType = 1;
			remoteGlobalIDString = 888209012B5153E00017EBD9;
			remoteInfo = ProfessEffect;
		};
/* End PBXContainerItemProxy section */

/* Begin PBXFileReference section */
		888209022B5153E00017EBD9 /* ProfessEffect.app */ = {isa = PBXFileReference; explicitFileType = wrapper.application; includeInIndex = 0; path = ProfessEffect.app; sourceTree = BUILT_PRODUCTS_DIR; };
		888209052B5153E00017EBD9 /* ProfessEffectApp.swift */ = {isa = PBXFileReference; lastKnownFileType = sourcecode.swift; path = ProfessEffectApp.swift; sourceTree = "<group>"; };
		888209072B5153E00017EBD9 /* ContentView.swift */ = {isa = PBXFileReference; lastKnownFileType = sourcecode.swift; path = ContentView.swift; sourceTree = "<group>"; };
		888209092B5153E20017EBD9 /* Assets.xcassets */ = {isa = PBXFileReference; lastKnownFileType = folder.assetcatalog; path = Assets.xcassets; sourceTree = "<group>"; };
		8882090C2B5153E20017EBD9 /* Preview Assets.xcassets */ = {isa = PBXFileReference; lastKnownFileType = folder.assetcatalog; path = "Preview Assets.xcassets"; sourceTree = "<group>"; };
		888209122B5153E30017EBD9 /* ProfessEffectTests.xctest */ = {isa = PBXFileReference; explicitFileType = wrapper.cfbundle; includeInIndex = 0; path = ProfessEffectTests.xctest; sourceTree = BUILT_PRODUCTS_DIR; };
		888209162B5153E30017EBD9 /* ProfessEffectTests.swift */ = {isa = PBXFileReference; lastKnownFileType = sourcecode.swift; path = ProfessEffectTests.swift; sourceTree = "<group>"; };
		8882091C2B5153E30017EBD9 /* ProfessEffectUITests.xctest */ = {isa = PBXFileReference; explicitFileType = wrapper.cfbundle; includeInIndex = 0; path = ProfessEffectUITests.xctest; sourceTree = BUILT_PRODUCTS_DIR; };
		888209202B5153E30017EBD9 /* ProfessEffectUITests.swift */ = {isa = PBXFileReference; lastKnownFileType = sourcecode.swift; path = ProfessEffectUITests.swift; sourceTree = "<group>"; };
		888209222B5153E30017EBD9 /* ProfessEffectUITestsLaunchTests.swift */ = {isa = PBXFileReference; lastKnownFileType = sourcecode.swift; path = ProfessEffectUITestsLaunchTests.swift; sourceTree = "<group>"; };
/* End PBXFileReference section */

/* Begin PBXFrameworksBuildPhase section */
		888208FF2B5153E00017EBD9 /* Frameworks */ = {
			isa = PBXFrameworksBuildPhase;
			buildActionMask = 2147483647;
			files = (
			);
			runOnlyForDeploymentPostprocessing = 0;
		};
		8882090F2B5153E30017EBD9 /* Frameworks */ = {
			isa = PBXFrameworksBuildPhase;
			buildActionMask = 2147483647;
			files = (
			);
			runOnlyForDeploymentPostprocessing = 0;
		};
		888209192B5153E30017EBD9 /* Frameworks */ = {
			isa = PBXFrameworksBuildPhase;
			buildActionMask = 2147483647;
			files = (
			);
			runOnlyForDeploymentPostprocessing = 0;
		};
/* End PBXFrameworksBuildPhase section */

/* Begin PBXGroup section */
		888208F92B5153E00017EBD9 = {
			isa = PBXGroup;
			children = (
				888209042B5153E00017EBD9 /* ProfessEffect */,
				888209152B5153E30017EBD9 /* ProfessEffectTests */,
				8882091F2B5153E30017EBD9 /* ProfessEffectUITests */,
				888209032B5153E00017EBD9 /* Products */,
			);
			sourceTree = "<group>";
		};
		888209032B5153E00017EBD9 /* Products */ = {
			isa = PBXGroup;
			children = (
				888209022B5153E00017EBD9 /* ProfessEffect.app */,
				888209122B5153E30017EBD9 /* ProfessEffectTests.xctest */,
				8882091C2B5153E30017EBD9 /* ProfessEffectUITests.xctest */,
			);
			name = Products;
			sourceTree = "<group>";
		};
		888209042B5153E00017EBD9 /* ProfessEffect */ = {
			isa = PBXGroup;
			children = (
				888209052B5153E00017EBD9 /* ProfessEffectApp.swift */,
				888209072B5153E00017EBD9 /* ContentView.swift */,
				888209092B5153E20017EBD9 /* Assets.xcassets */,
				8882090B2B5153E20017EBD9 /* Preview Content */,
			);
			path = ProfessEffect;
			sourceTree = "<group>";
		};
		8882090B2B5153E20017EBD9 /* Preview Content */ = {
			isa = PBXGroup;
			children = (
				8882090C2B5153E20017EBD9 /* Preview Assets.xcassets */,
			);
			path = "Preview Content";
			sourceTree = "<group>";
		};
		888209152B5153E30017EBD9 /* ProfessEffectTests */ = {
			isa = PBXGroup;
			children = (
				888209162B5153E30017EBD9 /* ProfessEffectTests.swift */,
			);
			path = ProfessEffectTests;
			sourceTree = "<group>";
		};
		8882091F2B5153E30017EBD9 /* ProfessEffectUITests */ = {
			isa = PBXGroup;
			children = (
				888209202B5153E30017EBD9 /* ProfessEffectUITests.swift */,
				888209222B5153E30017EBD9 /* ProfessEffectUITestsLaunchTests.swift */,
			);
			path = ProfessEffectUITests;
			sourceTree = "<group>";
		};
/* End PBXGroup section */

/* Begin PBXNativeTarget section */
		888209012B5153E00017EBD9 /* ProfessEffect */ = {
			isa = PBXNativeTarget;
			buildConfigurationList = 888209262B5153E30017EBD9 /* Build configuration list for PBXNativeTarget "ProfessEffect" */;
			buildPhases = (
				888208FE2B5153E00017EBD9 /* Sources */,
				888208FF2B5153E00017EBD9 /* Frameworks */,
				888209002B5153E00017EBD9 /* Resources */,
			);
			buildRules = (
			);
			dependencies = (
			);
			name = ProfessEffect;
			productName = ProfessEffect;
			productReference = 888209022B5153E00017EBD9 /* ProfessEffect.app */;
			productType = "com.apple.product-type.application";
		};
		888209112B5153E30017EBD9 /* ProfessEffectTests */ = {
			isa = PBXNativeTarget;
			buildConfigurationList = 888209292B5153E30017EBD9 /* Build configuration list for PBXNativeTarget "ProfessEffectTests" */;
			buildPhases = (
				8882090E2B5153E30017EBD9 /* Sources */,
				8882090F2B5153E30017EBD9 /* Frameworks */,
				888209102B5153E30017EBD9 /* Resources */,
			);
			buildRules = (
			);
			dependencies = (
				888209142B5153E30017EBD9 /* PBXTargetDependency */,
			);
			name = ProfessEffectTests;
			productName = ProfessEffectTests;
			productReference = 888209122B5153E30017EBD9 /* ProfessEffectTests.xctest */;
			productType = "com.apple.product-type.bundle.unit-test";
		};
		8882091B2B5153E30017EBD9 /* ProfessEffectUITests */ = {
			isa = PBXNativeTarget;
			buildConfigurationList = 8882092C2B5153E30017EBD9 /* Build configuration list for PBXNativeTarget "ProfessEffectUITests" */;
			buildPhases = (
				888209182B5153E30017EBD9 /* Sources */,
				888209192B5153E30017EBD9 /* Frameworks */,
				8882091A2B5153E30017EBD9 /* Resources */,
			);
			buildRules = (
			);
			dependencies = (
				8882091E2B5153E30017EBD9 /* PBXTargetDependency */,
			);
			name = ProfessEffectUITests;
			productName = ProfessEffectUITests;
			productReference = 8882091C2B5153E30017EBD9 /* ProfessEffectUITests.xctest */;
			productType = "com.apple.product-type.bundle.ui-testing";
		};
/* End PBXNativeTarget section */

/* Begin PBXProject section */
		888208FA2B5153E00017EBD9 /* Project object */ = {
			isa = PBXProject;
			attributes = {
				BuildIndependentTargetsInParallel = 1;
				LastSwiftUpdateCheck = 1520;
				LastUpgradeCheck = 1520;
				TargetAttributes = {
					888209012B5153E00017EBD9 = {
						CreatedOnToolsVersion = 15.2;
					};
					888209112B5153E30017EBD9 = {
						CreatedOnToolsVersion = 15.2;
						TestTargetID = 888209012B5153E00017EBD9;
					};
					8882091B2B5153E30017EBD9 = {
						CreatedOnToolsVersion = 15.2;
						TestTargetID = 888209012B5153E00017EBD9;
					};
				};
			};
			buildConfigurationList = 888208FD2B5153E00017EBD9 /* Build configuration list for PBXProject "ProfessEffect" */;
			compatibilityVersion = "Xcode 14.0";
			developmentRegion = en;
			hasScannedForEncodings = 0;
			knownRegions = (
				en,
				Base,
			);
			mainGroup = 888208F92B5153E00017EBD9;
			productRefGroup = 888209032B5153E00017EBD9 /* Products */;
			projectDirPath = "";
			projectRoot = "";
			targets = (
				888209012B5153E00017EBD9 /* ProfessEffect */,
				888209112B5153E30017EBD9 /* ProfessEffectTests */,
				8882091B2B5153E30017EBD9 /* ProfessEffectUITests */,
			);
		};
/* End PBXProject section */

/* Begin PBXResourcesBuildPhase section */
		888209002B5153E00017EBD9 /* Resources */ = {
			isa = PBXResourcesBuildPhase;
			buildActionMask = 2147483647;
			files = (
				8882090D2B5153E20017EBD9 /* Preview Assets.xcassets in Resources */,
				8882090A2B5153E20017EBD9 /* Assets.xcassets in Resources */,
			);
			runOnlyForDeploymentPostprocessing = 0;
		};
		888209102B5153E30017EBD9 /* Resources */ = {
			isa = PBXResourcesBuildPhase;
			buildActionMask = 2147483647;
			files = (
			);
			runOnlyForDeploymentPostprocessing = 0;
		};
		8882091A2B5153E30017EBD9 /* Resources */ = {
			isa = PBXResourcesBuildPhase;
			buildActionMask = 2147483647;
			files = (
			);
			runOnlyForDeploymentPostprocessing = 0;
		};
/* End PBXResourcesBuildPhase section */

/* Begin PBXSourcesBuildPhase section */
		888208FE2B5153E00017EBD9 /* Sources */ = {
			isa = PBXSourcesBuildPhase;
			buildActionMask = 2147483647;
			files = (
				888209082B5153E00017EBD9 /* ContentView.swift in Sources */,
				888209062B5153E00017EBD9 /* ProfessEffectApp.swift in Sources */,
			);
			runOnlyForDeploymentPostprocessing = 0;
		};
		8882090E2B5153E30017EBD9 /* Sources */ = {
			isa = PBXSourcesBuildPhase;
			buildActionMask = 2147483647;
			files = (
				888209172B5153E30017EBD9 /* ProfessEffectTests.swift in Sources */,
			);
			runOnlyForDeploymentPostprocessing = 0;
		};
		888209182B5153E30017EBD9 /* Sources */ = {
			isa = PBXSourcesBuildPhase;
			buildActionMask = 2147483647;
			files = (
				888209232B5153E30017EBD9 /* ProfessEffectUITestsLaunchTests.swift in Sources */,
				888209212B5153E30017EBD9 /* ProfessEffectUITests.swift in Sources */,
			);
			runOnlyForDeploymentPostprocessing = 0;
		};
/* End PBXSourcesBuildPhase section */

/* Begin PBXTargetDependency section */
		888209142B5153E30017EBD9 /* PBXTargetDependency */ = {
			isa = PBXTargetDependency;
			target = 888209012B5153E00017EBD9 /* ProfessEffect */;
			targetProxy = 888209132B5153E30017EBD9 /* PBXContainerItemProxy */;
		};
		8882091E2B5153E30017EBD9 /* PBXTargetDependency */ = {
			isa = PBXTargetDependency;
			target = 888209012B5153E00017EBD9 /* ProfessEffect */;
			targetProxy = 8882091D2B5153E30017EBD9 /* PBXContainerItemProxy */;
		};
/* End PBXTargetDependency section */

/* Begin XCBuildConfiguration section */
		888209242B5153E30017EBD9 /* Debug */ = {
			isa = XCBuildConfiguration;
			buildSettings = {
				ALWAYS_SEARCH_USER_PATHS = NO;
				ASSETCATALOG_COMPILER_GENERATE_SWIFT_ASSET_SYMBOL_EXTENSIONS = YES;
				CLANG_ANALYZER_NONNULL = YES;
				CLANG_ANALYZER_NUMBER_OBJECT_CONVERSION = YES_AGGRESSIVE;
				CLANG_CXX_LANGUAGE_STANDARD = "gnu++20";
				CLANG_ENABLE_MODULES = YES;
				CLANG_ENABLE_OBJC_ARC = YES;
				CLANG_ENABLE_OBJC_WEAK = YES;
				CLANG_WARN_BLOCK_CAPTURE_AUTORELEASING = YES;
				CLANG_WARN_BOOL_CONVERSION = YES;
				CLANG_WARN_COMMA = YES;
				CLANG_WARN_CONSTANT_CONVERSION = YES;
				CLANG_WARN_DEPRECATED_OBJC_IMPLEMENTATIONS = YES;
				CLANG_WARN_DIRECT_OBJC_ISA_USAGE = YES_ERROR;
				CLANG_WARN_DOCUMENTATION_COMMENTS = YES;
				CLANG_WARN_EMPTY_BODY = YES;
				CLANG_WARN_ENUM_CONVERSION = YES;
				CLANG_WARN_INFINITE_RECURSION = YES;
				CLANG_WARN_INT_CONVERSION = YES;
				CLANG_WARN_NON_LITERAL_NULL_CONVERSION = YES;
				CLANG_WARN_OBJC_IMPLICIT_RETAIN_SELF = YES;
				CLANG_WARN_OBJC_LITERAL_CONVERSION = YES;
				CLANG_WARN_OBJC_ROOT_CLASS = YES_ERROR;
				CLANG_WARN_QUOTED_INCLUDE_IN_FRAMEWORK_HEADER = YES;
				CLANG_WARN_RANGE_LOOP_ANALYSIS = YES;
				CLANG_WARN_STRICT_PROTOTYPES = YES;
				CLANG_WARN_SUSPICIOUS_MOVE = YES;
				CLANG_WARN_UNGUARDED_AVAILABILITY = YES_AGGRESSIVE;
				CLANG_WARN_UNREACHABLE_CODE = YES;
				CLANG_WARN__DUPLICATE_METHOD_MATCH = YES;
				COPY_PHASE_STRIP = NO;
				DEBUG_INFORMATION_FORMAT = dwarf;
				ENABLE_STRICT_OBJC_MSGSEND = YES;
				ENABLE_TESTABILITY = YES;
				ENABLE_USER_SCRIPT_SANDBOXING = YES;
				GCC_C_LANGUAGE_STANDARD = gnu17;
				GCC_DYNAMIC_NO_PIC = NO;
				GCC_NO_COMMON_BLOCKS = YES;
				GCC_OPTIMIZATION_LEVEL = 0;
				GCC_PREPROCESSOR_DEFINITIONS = (
					"DEBUG=1",
					"$(inherited)",
				);
				GCC_WARN_64_TO_32_BIT_CONVERSION = YES;
				GCC_WARN_ABOUT_RETURN_TYPE = YES_ERROR;
				GCC_WARN_UNDECLARED_SELECTOR = YES;
				GCC_WARN_UNINITIALIZED_AUTOS = YES_AGGRESSIVE;
				GCC_WARN_UNUSED_FUNCTION = YES;
				GCC_WARN_UNUSED_VARIABLE = YES;
				IPHONEOS_DEPLOYMENT_TARGET = 17.2;
				LOCALIZATION_PREFERS_STRING_CATALOGS = YES;
				MTL_ENABLE_DEBUG_INFO = INCLUDE_SOURCE;
				MTL_FAST_MATH = YES;
				ONLY_ACTIVE_ARCH = YES;
				SDKROOT = iphoneos;
				SWIFT_ACTIVE_COMPILATION_CONDITIONS = "DEBUG $(inherited)";
				SWIFT_OPTIMIZATION_LEVEL = "-Onone";
			};
			name = Debug;
		};
		888209252B5153E30017EBD9 /* Release */ = {
			isa = XCBuildConfiguration;
			buildSettings = {
				ALWAYS_SEARCH_USER_PATHS = NO;
				ASSETCATALOG_COMPILER_GENERATE_SWIFT_ASSET_SYMBOL_EXTENSIONS = YES;
				CLANG_ANALYZER_NONNULL = YES;
				CLANG_ANALYZER_NUMBER_OBJECT_CONVERSION = YES_AGGRESSIVE;
				CLANG_CXX_LANGUAGE_STANDARD = "gnu++20";
				CLANG_ENABLE_MODULES = YES;
				CLANG_ENABLE_OBJC_ARC = YES;
				CLANG_ENABLE_OBJC_WEAK = YES;
				CLANG_WARN_BLOCK_CAPTURE_AUTORELEASING = YES;
				CLANG_WARN_BOOL_CONVERSION = YES;
				CLANG_WARN_COMMA = YES;
				CLANG_WARN_CONSTANT_CONVERSION = YES;
				CLANG_WARN_DEPRECATED_OBJC_IMPLEMENTATIONS = YES;
				CLANG_WARN_DIRECT_OBJC_ISA_USAGE = YES_ERROR;
				CLANG_WARN_DOCUMENTATION_COMMENTS = YES;
				CLANG_WARN_EMPTY_BODY = YES;
				CLANG_WARN_ENUM_CONVERSION = YES;
				CLANG_WARN_INFINITE_RECURSION = YES;
				CLANG_WARN_INT_CONVERSION = YES;
				CLANG_WARN_NON_LITERAL_NULL_CONVERSION = YES;
				CLANG_WARN_OBJC_IMPLICIT_RETAIN_SELF = YES;
				CLANG_WARN_OBJC_LITERAL_CONVERSION = YES;
				CLANG_WARN_OBJC_ROOT_CLASS = YES_ERROR;
				CLANG_WARN_QUOTED_INCLUDE_IN_FRAMEWORK_HEADER = YES;
				CLANG_WARN_RANGE_LOOP_ANALYSIS = YES;
				CLANG_WARN_STRICT_PROTOTYPES = YES;
				CLANG_WARN_SUSPICIOUS_MOVE = YES;
				CLANG_WARN_UNGUARDED_AVAILABILITY = YES_AGGRESSIVE;
				CLANG_WARN_UNREACHABLE_CODE = YES;
				CLANG_WARN__DUPLICATE_METHOD_MATCH = YES;
				COPY_PHASE_STRIP = NO;
				DEBUG_INFORMATION_FORMAT = "dwarf-with-dsym";
				ENABLE_NS_ASSERTIONS = NO;
				ENABLE_STRICT_OBJC_MSGSEND = YES;
				ENABLE_USER_SCRIPT_SANDBOXING = YES;
				GCC_C_LANGUAGE_STANDARD = gnu17;
				GCC_NO_COMMON_BLOCKS = YES;
				GCC_WARN_64_TO_32_BIT_CONVERSION = YES;
				GCC_WARN_ABOUT_RETURN_TYPE = YES_ERROR;
				GCC_WARN_UNDECLARED_SELECTOR = YES;
				GCC_WARN_UNINITIALIZED_AUTOS = YES_AGGRESSIVE;
				GCC_WARN_UNUSED_FUNCTION = YES;
				GCC_WARN_UNUSED_VARIABLE = YES;
				IPHONEOS_DEPLOYMENT_TARGET = 17.2;
				LOCALIZATION_PREFERS_STRING_CATALOGS = YES;
				MTL_ENABLE_DEBUG_INFO = NO;
				MTL_FAST_MATH = YES;
				SDKROOT = iphoneos;
				SWIFT_COMPILATION_MODE = wholemodule;
				VALIDATE_PRODUCT = YES;
			};
			name = Release;
		};
		888209272B5153E30017EBD9 /* Debug */ = {
			isa = XCBuildConfiguration;
			buildSettings = {
				ASSETCATALOG_COMPILER_APPICON_NAME = AppIcon;
				ASSETCATALOG_COMPILER_GLOBAL_ACCENT_COLOR_NAME = AccentColor;
				CODE_SIGN_STYLE = Automatic;
				CURRENT_PROJECT_VERSION = 1;
				DEVELOPMENT_ASSET_PATHS = "\"ProfessEffect/Preview Content\"";
				DEVELOPMENT_TEAM = 9KR47X6UHQ;
				ENABLE_PREVIEWS = YES;
				GENERATE_INFOPLIST_FILE = YES;
				INFOPLIST_KEY_UIApplicationSceneManifest_Generation = YES;
				INFOPLIST_KEY_UIApplicationSupportsIndirectInputEvents = YES;
				INFOPLIST_KEY_UILaunchScreen_Generation = YES;
				INFOPLIST_KEY_UISupportedInterfaceOrientations_iPad = "UIInterfaceOrientationPortrait UIInterfaceOrientationPortraitUpsideDown UIInterfaceOrientationLandscapeLeft UIInterfaceOrientationLandscapeRight";
				INFOPLIST_KEY_UISupportedInterfaceOrientations_iPhone = "UIInterfaceOrientationPortrait UIInterfaceOrientationLandscapeLeft UIInterfaceOrientationLandscapeRight";
				LD_RUNPATH_SEARCH_PATHS = (
					"$(inherited)",
					"@executable_path/Frameworks",
				);
				MARKETING_VERSION = 1.0;
				PRODUCT_BUNDLE_IDENTIFIER = jikbb2.ProfessEffect;
				PRODUCT_NAME = "$(TARGET_NAME)";
				SWIFT_EMIT_LOC_STRINGS = YES;
				SWIFT_VERSION = 5.0;
				TARGETED_DEVICE_FAMILY = "1,2";
			};
			name = Debug;
		};
		888209282B5153E30017EBD9 /* Release */ = {
			isa = XCBuildConfiguration;
			buildSettings = {
				ASSETCATALOG_COMPILER_APPICON_NAME = AppIcon;
				ASSETCATALOG_COMPILER_GLOBAL_ACCENT_COLOR_NAME = AccentColor;
				CODE_SIGN_STYLE = Automatic;
				CURRENT_PROJECT_VERSION = 1;
				DEVELOPMENT_ASSET_PATHS = "\"ProfessEffect/Preview Content\"";
				DEVELOPMENT_TEAM = 9KR47X6UHQ;
				ENABLE_PREVIEWS = YES;
				GENERATE_INFOPLIST_FILE = YES;
				INFOPLIST_KEY_UIApplicationSceneManifest_Generation = YES;
				INFOPLIST_KEY_UIApplicationSupportsIndirectInputEvents = YES;
				INFOPLIST_KEY_UILaunchScreen_Generation = YES;
				INFOPLIST_KEY_UISupportedInterfaceOrientations_iPad = "UIInterfaceOrientationPortrait UIInterfaceOrientationPortraitUpsideDown UIInterfaceOrientationLandscapeLeft UIInterfaceOrientationLandscapeRight";
				INFOPLIST_KEY_UISupportedInterfaceOrientations_iPhone = "UIInterfaceOrientationPortrait UIInterfaceOrientationLandscapeLeft UIInterfaceOrientationLandscapeRight";
				LD_RUNPATH_SEARCH_PATHS = (
					"$(inherited)",
					"@executable_path/Frameworks",
				);
				MARKETING_VERSION = 1.0;
				PRODUCT_BUNDLE_IDENTIFIER = jikbb2.ProfessEffect;
				PRODUCT_NAME = "$(TARGET_NAME)";
				SWIFT_EMIT_LOC_STRINGS = YES;
				SWIFT_VERSION = 5.0;
				TARGETED_DEVICE_FAMILY = "1,2";
			};
			name = Release;
		};
		8882092A2B5153E30017EBD9 /* Debug */ = {
			isa = XCBuildConfiguration;
			buildSettings = {
				ALWAYS_EMBED_SWIFT_STANDARD_LIBRARIES = YES;
				BUNDLE_LOADER = "$(TEST_HOST)";
				CODE_SIGN_STYLE = Automatic;
				CURRENT_PROJECT_VERSION = 1;
				DEVELOPMENT_TEAM = 9KR47X6UHQ;
				GENERATE_INFOPLIST_FILE = YES;
				IPHONEOS_DEPLOYMENT_TARGET = 17.2;
				MARKETING_VERSION = 1.0;
				PRODUCT_BUNDLE_IDENTIFIER = jikbb2.ProfessEffectTests;
				PRODUCT_NAME = "$(TARGET_NAME)";
				SWIFT_EMIT_LOC_STRINGS = NO;
				SWIFT_VERSION = 5.0;
				TARGETED_DEVICE_FAMILY = "1,2";
				TEST_HOST = "$(BUILT_PRODUCTS_DIR)/ProfessEffect.app/$(BUNDLE_EXECUTABLE_FOLDER_PATH)/ProfessEffect";
			};
			name = Debug;
		};
		8882092B2B5153E30017EBD9 /* Release */ = {
			isa = XCBuildConfiguration;
			buildSettings = {
				ALWAYS_EMBED_SWIFT_STANDARD_LIBRARIES = YES;
				BUNDLE_LOADER = "$(TEST_HOST)";
				CODE_SIGN_STYLE = Automatic;
				CURRENT_PROJECT_VERSION = 1;
				DEVELOPMENT_TEAM = 9KR47X6UHQ;
				GENERATE_INFOPLIST_FILE = YES;
				IPHONEOS_DEPLOYMENT_TARGET = 17.2;
				MARKETING_VERSION = 1.0;
				PRODUCT_BUNDLE_IDENTIFIER = jikbb2.ProfessEffectTests;
				PRODUCT_NAME = "$(TARGET_NAME)";
				SWIFT_EMIT_LOC_STRINGS = NO;
				SWIFT_VERSION = 5.0;
				TARGETED_DEVICE_FAMILY = "1,2";
				TEST_HOST = "$(BUILT_PRODUCTS_DIR)/ProfessEffect.app/$(BUNDLE_EXECUTABLE_FOLDER_PATH)/ProfessEffect";
			};
			name = Release;
		};
		8882092D2B5153E30017EBD9 /* Debug */ = {
			isa = XCBuildConfiguration;
			buildSettings = {
				ALWAYS_EMBED_SWIFT_STANDARD_LIBRARIES = YES;
				CODE_SIGN_STYLE = Automatic;
				CURRENT_PROJECT_VERSION = 1;
				DEVELOPMENT_TEAM = 9KR47X6UHQ;
				GENERATE_INFOPLIST_FILE = YES;
				MARKETING_VERSION = 1.0;
				PRODUCT_BUNDLE_IDENTIFIER = jikbb2.ProfessEffectUITests;
				PRODUCT_NAME = "$(TARGET_NAME)";
				SWIFT_EMIT_LOC_STRINGS = NO;
				SWIFT_VERSION = 5.0;
				TARGETED_DEVICE_FAMILY = "1,2";
				TEST_TARGET_NAME = ProfessEffect;
			};
			name = Debug;
		};
		8882092E2B5153E30017EBD9 /* Release */ = {
			isa = XCBuildConfiguration;
			buildSettings = {
				ALWAYS_EMBED_SWIFT_STANDARD_LIBRARIES = YES;
				CODE_SIGN_STYLE = Automatic;
				CURRENT_PROJECT_VERSION = 1;
				DEVELOPMENT_TEAM = 9KR47X6UHQ;
				GENERATE_INFOPLIST_FILE = YES;
				MARKETING_VERSION = 1.0;
				PRODUCT_BUNDLE_IDENTIFIER = jikbb2.ProfessEffectUITests;
				PRODUCT_NAME = "$(TARGET_NAME)";
				SWIFT_EMIT_LOC_STRINGS = NO;
				SWIFT_VERSION = 5.0;
				TARGETED_DEVICE_FAMILY = "1,2";
				TEST_TARGET_NAME = ProfessEffect;
			};
			name = Release;
		};
/* End XCBuildConfiguration section */

/* Begin XCConfigurationList section */
		888208FD2B5153E00017EBD9 /* Build configuration list for PBXProject "ProfessEffect" */ = {
			isa = XCConfigurationList;
			buildConfigurations = (
				888209242B5153E30017EBD9 /* Debug */,
				888209252B5153E30017EBD9 /* Release */,
			);
			defaultConfigurationIsVisible = 0;
			defaultConfigurationName = Release;
		};
		888209262B5153E30017EBD9 /* Build configuration list for PBXNativeTarget "ProfessEffect" */ = {
			isa = XCConfigurationList;
			buildConfigurations = (
				888209272B5153E30017EBD9 /* Debug */,
				888209282B5153E30017EBD9 /* Release */,
			);
			defaultConfigurationIsVisible = 0;
			defaultConfigurationName = Release;
		};
		888209292B5153E30017EBD9 /* Build configuration list for PBXNativeTarget "ProfessEffectTests" */ = {
			isa = XCConfigurationList;
			buildConfigurations = (
				8882092A2B5153E30017EBD9 /* Debug */,
				8882092B2B5153E30017EBD9 /* Release */,
			);
			defaultConfigurationIsVisible = 0;
			defaultConfigurationName = Release;
		};
		8882092C2B5153E30017EBD9 /* Build configuration list for PBXNativeTarget "ProfessEffectUITests" */ = {
			isa = XCConfigurationList;
			buildConfigurations = (
				8882092D2B5153E30017EBD9 /* Debug */,
				8882092E2B5153E30017EBD9 /* Release */,
			);
			defaultConfigurationIsVisible = 0;
			defaultConfigurationName = Release;
		};
/* End XCConfigurationList section */
	};
	rootObject = 888208FA2B5153E00017EBD9 /* Project object */;
}
