// !$*UTF8*$!
{
	archiveVersion = 1;
	classes = {
	};
	objectVersion = 56;
	objects = {

/* Begin PBXBuildFile section */
		2D15AB522B5161520014EB1D /* LockStepTableViewCell.swift in Sources */ = {isa = PBXBuildFile; fileRef = 2D15AB502B5161520014EB1D /* LockStepTableViewCell.swift */; };
		2D15AB532B5161520014EB1D /* LockStepTableViewCell.xib in Resources */ = {isa = PBXBuildFile; fileRef = 2D15AB512B5161520014EB1D /* LockStepTableViewCell.xib */; };
		2D15AB552B5161970014EB1D /* WatchHomeViewController.swift in Sources */ = {isa = PBXBuildFile; fileRef = 2D15AB542B5161970014EB1D /* WatchHomeViewController.swift */; };
		2D15AB632B516C650014EB1D /* UnlockStepTableViewCell.swift in Sources */ = {isa = PBXBuildFile; fileRef = 2D15AB612B516C650014EB1D /* UnlockStepTableViewCell.swift */; };
		2D15AB642B516C650014EB1D /* UnlockStepTableViewCell.xib in Resources */ = {isa = PBXBuildFile; fileRef = 2D15AB622B516C650014EB1D /* UnlockStepTableViewCell.xib */; };
		2D15AB662B5179850014EB1D /* AddChallengerViewController.swift in Sources */ = {isa = PBXBuildFile; fileRef = 2D15AB652B5179850014EB1D /* AddChallengerViewController.swift */; };
		2D15AB6A2B5194E60014EB1D /* InviteCodeInput.swift in Sources */ = {isa = PBXBuildFile; fileRef = 2D15AB692B5194E60014EB1D /* InviteCodeInput.swift */; };
		2D15AB6C2B51953D0014EB1D /* InviteCodeModel.swift in Sources */ = {isa = PBXBuildFile; fileRef = 2D15AB6B2B51953D0014EB1D /* InviteCodeModel.swift */; };
		2D15AB6E2B5196180014EB1D /* InviteCodeManager.swift in Sources */ = {isa = PBXBuildFile; fileRef = 2D15AB6D2B5196180014EB1D /* InviteCodeManager.swift */; };
		2DFB3BCD2B51C4C50022FD3E /* CheckChallengeContentModel.swift in Sources */ = {isa = PBXBuildFile; fileRef = 2DFB3BCC2B51C4C50022FD3E /* CheckChallengeContentModel.swift */; };
		2DFB3BCF2B51C5CB0022FD3E /* CheckChallengeContentDataManager.swift in Sources */ = {isa = PBXBuildFile; fileRef = 2DFB3BCE2B51C5CB0022FD3E /* CheckChallengeContentDataManager.swift */; };
		8882093C2B51551B0017EBD9 /* AppDelegate.swift in Sources */ = {isa = PBXBuildFile; fileRef = 8882093B2B51551B0017EBD9 /* AppDelegate.swift */; };
		8882093E2B51551B0017EBD9 /* SceneDelegate.swift in Sources */ = {isa = PBXBuildFile; fileRef = 8882093D2B51551B0017EBD9 /* SceneDelegate.swift */; };
		888209402B51551B0017EBD9 /* ViewController.swift in Sources */ = {isa = PBXBuildFile; fileRef = 8882093F2B51551B0017EBD9 /* ViewController.swift */; };
		888209432B51551B0017EBD9 /* Main.storyboard in Resources */ = {isa = PBXBuildFile; fileRef = 888209412B51551B0017EBD9 /* Main.storyboard */; };
		888209452B51551D0017EBD9 /* Assets.xcassets in Resources */ = {isa = PBXBuildFile; fileRef = 888209442B51551D0017EBD9 /* Assets.xcassets */; };
		888209482B51551D0017EBD9 /* LaunchScreen.storyboard in Resources */ = {isa = PBXBuildFile; fileRef = 888209462B51551D0017EBD9 /* LaunchScreen.storyboard */; };
		888209532B51551D0017EBD9 /* ProfessTests.swift in Sources */ = {isa = PBXBuildFile; fileRef = 888209522B51551D0017EBD9 /* ProfessTests.swift */; };
		8882095D2B51551D0017EBD9 /* ProfessUITests.swift in Sources */ = {isa = PBXBuildFile; fileRef = 8882095C2B51551D0017EBD9 /* ProfessUITests.swift */; };
		8882095F2B51551D0017EBD9 /* ProfessUITestsLaunchTests.swift in Sources */ = {isa = PBXBuildFile; fileRef = 8882095E2B51551D0017EBD9 /* ProfessUITestsLaunchTests.swift */; };
		8882096C2B515D980017EBD9 /* SettingGoal.swift in Sources */ = {isa = PBXBuildFile; fileRef = 8882096B2B515D980017EBD9 /* SettingGoal.swift */; };
		88AC9F622B51834E00FD346C /* SettingDetail.swift in Sources */ = {isa = PBXBuildFile; fileRef = 88AC9F612B51834E00FD346C /* SettingDetail.swift */; };
		88AC9F642B519AE000FD346C /* DetailCard.xib in Resources */ = {isa = PBXBuildFile; fileRef = 88AC9F632B519AE000FD346C /* DetailCard.xib */; };
		88AC9F662B519B1200FD346C /* DetailCardViewController.swift in Sources */ = {isa = PBXBuildFile; fileRef = 88AC9F652B519B1200FD346C /* DetailCardViewController.swift */; };
		B46D57F77BEE54AE0D667693 /* Pods_ProfessTests.framework in Frameworks */ = {isa = PBXBuildFile; fileRef = 5D4358753FA0A9489E73D17E /* Pods_ProfessTests.framework */; };
		EC6A4C820F890C334E2ADF1C /* Pods_Profess.framework in Frameworks */ = {isa = PBXBuildFile; fileRef = 173410FFE8C540F2C5341787 /* Pods_Profess.framework */; };
		F1A42B020070F6CE8FBB39C9 /* Pods_Profess_ProfessUITests.framework in Frameworks */ = {isa = PBXBuildFile; fileRef = 0816F83DDCE5CF4923379A6F /* Pods_Profess_ProfessUITests.framework */; };
/* End PBXBuildFile section */

/* Begin PBXContainerItemProxy section */
		8882094F2B51551D0017EBD9 /* PBXContainerItemProxy */ = {
			isa = PBXContainerItemProxy;
			containerPortal = 888209302B51551B0017EBD9 /* Project object */;
			proxyType = 1;
			remoteGlobalIDString = 888209372B51551B0017EBD9;
			remoteInfo = Profess;
		};
		888209592B51551D0017EBD9 /* PBXContainerItemProxy */ = {
			isa = PBXContainerItemProxy;
			containerPortal = 888209302B51551B0017EBD9 /* Project object */;
			proxyType = 1;
			remoteGlobalIDString = 888209372B51551B0017EBD9;
			remoteInfo = Profess;
		};
/* End PBXContainerItemProxy section */

/* Begin PBXFileReference section */
		042707B2A02A83F8EB27AB93 /* Pods-ProfessTests.release.xcconfig */ = {isa = PBXFileReference; includeInIndex = 1; lastKnownFileType = text.xcconfig; name = "Pods-ProfessTests.release.xcconfig"; path = "Target Support Files/Pods-ProfessTests/Pods-ProfessTests.release.xcconfig"; sourceTree = "<group>"; };
		0816F83DDCE5CF4923379A6F /* Pods_Profess_ProfessUITests.framework */ = {isa = PBXFileReference; explicitFileType = wrapper.framework; includeInIndex = 0; path = Pods_Profess_ProfessUITests.framework; sourceTree = BUILT_PRODUCTS_DIR; };
		173410FFE8C540F2C5341787 /* Pods_Profess.framework */ = {isa = PBXFileReference; explicitFileType = wrapper.framework; includeInIndex = 0; path = Pods_Profess.framework; sourceTree = BUILT_PRODUCTS_DIR; };
		2D15AB502B5161520014EB1D /* LockStepTableViewCell.swift */ = {isa = PBXFileReference; lastKnownFileType = sourcecode.swift; path = LockStepTableViewCell.swift; sourceTree = "<group>"; };
		2D15AB512B5161520014EB1D /* LockStepTableViewCell.xib */ = {isa = PBXFileReference; lastKnownFileType = file.xib; path = LockStepTableViewCell.xib; sourceTree = "<group>"; };
		2D15AB542B5161970014EB1D /* WatchHomeViewController.swift */ = {isa = PBXFileReference; lastKnownFileType = sourcecode.swift; path = WatchHomeViewController.swift; sourceTree = "<group>"; };
		2D15AB612B516C650014EB1D /* UnlockStepTableViewCell.swift */ = {isa = PBXFileReference; lastKnownFileType = sourcecode.swift; path = UnlockStepTableViewCell.swift; sourceTree = "<group>"; };
		2D15AB622B516C650014EB1D /* UnlockStepTableViewCell.xib */ = {isa = PBXFileReference; lastKnownFileType = file.xib; path = UnlockStepTableViewCell.xib; sourceTree = "<group>"; };
		2D15AB652B5179850014EB1D /* AddChallengerViewController.swift */ = {isa = PBXFileReference; lastKnownFileType = sourcecode.swift; path = AddChallengerViewController.swift; sourceTree = "<group>"; };
		2D15AB692B5194E60014EB1D /* InviteCodeInput.swift */ = {isa = PBXFileReference; lastKnownFileType = sourcecode.swift; path = InviteCodeInput.swift; sourceTree = "<group>"; };
		2D15AB6B2B51953D0014EB1D /* InviteCodeModel.swift */ = {isa = PBXFileReference; lastKnownFileType = sourcecode.swift; path = InviteCodeModel.swift; sourceTree = "<group>"; };
		2D15AB6D2B5196180014EB1D /* InviteCodeManager.swift */ = {isa = PBXFileReference; lastKnownFileType = sourcecode.swift; path = InviteCodeManager.swift; sourceTree = "<group>"; };
		2DFB3BCC2B51C4C50022FD3E /* CheckChallengeContentModel.swift */ = {isa = PBXFileReference; lastKnownFileType = sourcecode.swift; name = CheckChallengeContentModel.swift; path = Profess/Watcher/AddChallengerCode/InviteCodeInput/CheckChallengeContentModel.swift; sourceTree = SOURCE_ROOT; };
		2DFB3BCE2B51C5CB0022FD3E /* CheckChallengeContentDataManager.swift */ = {isa = PBXFileReference; lastKnownFileType = sourcecode.swift; name = CheckChallengeContentDataManager.swift; path = Profess/Watcher/AddChallengerCode/InviteCodeInput/CheckChallengeContentDataManager.swift; sourceTree = SOURCE_ROOT; };
		32730CB7BCEC43EF10C470FD /* Pods-ProfessTests.debug.xcconfig */ = {isa = PBXFileReference; includeInIndex = 1; lastKnownFileType = text.xcconfig; name = "Pods-ProfessTests.debug.xcconfig"; path = "Target Support Files/Pods-ProfessTests/Pods-ProfessTests.debug.xcconfig"; sourceTree = "<group>"; };
		508A92E0911902EE254DA1E2 /* Pods-Profess-ProfessUITests.release.xcconfig */ = {isa = PBXFileReference; includeInIndex = 1; lastKnownFileType = text.xcconfig; name = "Pods-Profess-ProfessUITests.release.xcconfig"; path = "Target Support Files/Pods-Profess-ProfessUITests/Pods-Profess-ProfessUITests.release.xcconfig"; sourceTree = "<group>"; };
		509B5476C8DC8F2E2DE24F69 /* Pods-Profess.release.xcconfig */ = {isa = PBXFileReference; includeInIndex = 1; lastKnownFileType = text.xcconfig; name = "Pods-Profess.release.xcconfig"; path = "Target Support Files/Pods-Profess/Pods-Profess.release.xcconfig"; sourceTree = "<group>"; };
		5D4358753FA0A9489E73D17E /* Pods_ProfessTests.framework */ = {isa = PBXFileReference; explicitFileType = wrapper.framework; includeInIndex = 0; path = Pods_ProfessTests.framework; sourceTree = BUILT_PRODUCTS_DIR; };
		888209382B51551B0017EBD9 /* Profess.app */ = {isa = PBXFileReference; explicitFileType = wrapper.application; includeInIndex = 0; path = Profess.app; sourceTree = BUILT_PRODUCTS_DIR; };
		8882093B2B51551B0017EBD9 /* AppDelegate.swift */ = {isa = PBXFileReference; lastKnownFileType = sourcecode.swift; path = AppDelegate.swift; sourceTree = "<group>"; };
		8882093D2B51551B0017EBD9 /* SceneDelegate.swift */ = {isa = PBXFileReference; lastKnownFileType = sourcecode.swift; path = SceneDelegate.swift; sourceTree = "<group>"; };
		8882093F2B51551B0017EBD9 /* ViewController.swift */ = {isa = PBXFileReference; lastKnownFileType = sourcecode.swift; path = ViewController.swift; sourceTree = "<group>"; };
		888209422B51551B0017EBD9 /* Base */ = {isa = PBXFileReference; lastKnownFileType = file.storyboard; name = Base; path = Base.lproj/Main.storyboard; sourceTree = "<group>"; };
		888209442B51551D0017EBD9 /* Assets.xcassets */ = {isa = PBXFileReference; lastKnownFileType = folder.assetcatalog; path = Assets.xcassets; sourceTree = "<group>"; };
		888209472B51551D0017EBD9 /* Base */ = {isa = PBXFileReference; lastKnownFileType = file.storyboard; name = Base; path = Base.lproj/LaunchScreen.storyboard; sourceTree = "<group>"; };
		888209492B51551D0017EBD9 /* Info.plist */ = {isa = PBXFileReference; lastKnownFileType = text.plist.xml; path = Info.plist; sourceTree = "<group>"; };
		8882094E2B51551D0017EBD9 /* ProfessTests.xctest */ = {isa = PBXFileReference; explicitFileType = wrapper.cfbundle; includeInIndex = 0; path = ProfessTests.xctest; sourceTree = BUILT_PRODUCTS_DIR; };
		888209522B51551D0017EBD9 /* ProfessTests.swift */ = {isa = PBXFileReference; lastKnownFileType = sourcecode.swift; path = ProfessTests.swift; sourceTree = "<group>"; };
		888209582B51551D0017EBD9 /* ProfessUITests.xctest */ = {isa = PBXFileReference; explicitFileType = wrapper.cfbundle; includeInIndex = 0; path = ProfessUITests.xctest; sourceTree = BUILT_PRODUCTS_DIR; };
		8882095C2B51551D0017EBD9 /* ProfessUITests.swift */ = {isa = PBXFileReference; lastKnownFileType = sourcecode.swift; path = ProfessUITests.swift; sourceTree = "<group>"; };
		8882095E2B51551D0017EBD9 /* ProfessUITestsLaunchTests.swift */ = {isa = PBXFileReference; lastKnownFileType = sourcecode.swift; path = ProfessUITestsLaunchTests.swift; sourceTree = "<group>"; };
		8882096B2B515D980017EBD9 /* SettingGoal.swift */ = {isa = PBXFileReference; lastKnownFileType = sourcecode.swift; path = SettingGoal.swift; sourceTree = "<group>"; };
		88AC9F612B51834E00FD346C /* SettingDetail.swift */ = {isa = PBXFileReference; lastKnownFileType = sourcecode.swift; path = SettingDetail.swift; sourceTree = "<group>"; };
		88AC9F632B519AE000FD346C /* DetailCard.xib */ = {isa = PBXFileReference; lastKnownFileType = file.xib; path = DetailCard.xib; sourceTree = "<group>"; };
		88AC9F652B519B1200FD346C /* DetailCardViewController.swift */ = {isa = PBXFileReference; lastKnownFileType = sourcecode.swift; path = DetailCardViewController.swift; sourceTree = "<group>"; };
		99C033B1B54E0BE2CADE34F5 /* Pods-Profess-ProfessUITests.debug.xcconfig */ = {isa = PBXFileReference; includeInIndex = 1; lastKnownFileType = text.xcconfig; name = "Pods-Profess-ProfessUITests.debug.xcconfig"; path = "Target Support Files/Pods-Profess-ProfessUITests/Pods-Profess-ProfessUITests.debug.xcconfig"; sourceTree = "<group>"; };
		D19163B622C1A633724671F8 /* Pods-Profess.debug.xcconfig */ = {isa = PBXFileReference; includeInIndex = 1; lastKnownFileType = text.xcconfig; name = "Pods-Profess.debug.xcconfig"; path = "Target Support Files/Pods-Profess/Pods-Profess.debug.xcconfig"; sourceTree = "<group>"; };
/* End PBXFileReference section */

/* Begin PBXFrameworksBuildPhase section */
		888209352B51551B0017EBD9 /* Frameworks */ = {
			isa = PBXFrameworksBuildPhase;
			buildActionMask = 2147483647;
			files = (
				EC6A4C820F890C334E2ADF1C /* Pods_Profess.framework in Frameworks */,
			);
			runOnlyForDeploymentPostprocessing = 0;
		};
		8882094B2B51551D0017EBD9 /* Frameworks */ = {
			isa = PBXFrameworksBuildPhase;
			buildActionMask = 2147483647;
			files = (
				B46D57F77BEE54AE0D667693 /* Pods_ProfessTests.framework in Frameworks */,
			);
			runOnlyForDeploymentPostprocessing = 0;
		};
		888209552B51551D0017EBD9 /* Frameworks */ = {
			isa = PBXFrameworksBuildPhase;
			buildActionMask = 2147483647;
			files = (
				F1A42B020070F6CE8FBB39C9 /* Pods_Profess_ProfessUITests.framework in Frameworks */,
			);
			runOnlyForDeploymentPostprocessing = 0;
		};
/* End PBXFrameworksBuildPhase section */

/* Begin PBXGroup section */
		2D15AB562B5161B40014EB1D /* WatcherHome */ = {
			isa = PBXGroup;
			children = (
				2D15AB5C2B5162830014EB1D /* CheckChallengeContent */,
				2D15AB592B5162190014EB1D /* cell */,
			);
			path = WatcherHome;
			sourceTree = "<group>";
		};
		2D15AB572B5161CF0014EB1D /* Watcher */ = {
			isa = PBXGroup;
			children = (
				2D15AB562B5161B40014EB1D /* WatcherHome */,
				2D15AB582B5161E60014EB1D /* AddChallengerCode */,
			);
			path = Watcher;
			sourceTree = "<group>";
		};
		2D15AB582B5161E60014EB1D /* AddChallengerCode */ = {
			isa = PBXGroup;
			children = (
				2D15AB682B5194A80014EB1D /* InviteCodeInput */,
				2D15AB672B5194940014EB1D /* cell */,
				2D15AB652B5179850014EB1D /* AddChallengerViewController.swift */,
			);
			path = AddChallengerCode;
			sourceTree = "<group>";
		};
		2D15AB592B5162190014EB1D /* cell */ = {
			isa = PBXGroup;
			children = (
				2D15AB5F2B516C2F0014EB1D /* UnlockCell */,
				2D15AB5E2B516C170014EB1D /* LockCell */,
				2D15AB542B5161970014EB1D /* WatchHomeViewController.swift */,
			);
			path = cell;
			sourceTree = "<group>";
		};
		2D15AB5C2B5162830014EB1D /* CheckChallengeContent */ = {
			isa = PBXGroup;
			children = (
				2DFB3BCC2B51C4C50022FD3E /* CheckChallengeContentModel.swift */,
				2DFB3BCE2B51C5CB0022FD3E /* CheckChallengeContentDataManager.swift */,
			);
			path = CheckChallengeContent;
			sourceTree = "<group>";
		};
		2D15AB5E2B516C170014EB1D /* LockCell */ = {
			isa = PBXGroup;
			children = (
				2D15AB502B5161520014EB1D /* LockStepTableViewCell.swift */,
				2D15AB512B5161520014EB1D /* LockStepTableViewCell.xib */,
			);
			path = LockCell;
			sourceTree = "<group>";
		};
		2D15AB5F2B516C2F0014EB1D /* UnlockCell */ = {
			isa = PBXGroup;
			children = (
				2D15AB612B516C650014EB1D /* UnlockStepTableViewCell.swift */,
				2D15AB622B516C650014EB1D /* UnlockStepTableViewCell.xib */,
			);
			path = UnlockCell;
			sourceTree = "<group>";
		};
		2D15AB672B5194940014EB1D /* cell */ = {
			isa = PBXGroup;
			children = (
			);
			path = cell;
			sourceTree = "<group>";
		};
		2D15AB682B5194A80014EB1D /* InviteCodeInput */ = {
			isa = PBXGroup;
			children = (
				2D15AB692B5194E60014EB1D /* InviteCodeInput.swift */,
				2D15AB6B2B51953D0014EB1D /* InviteCodeModel.swift */,
				2D15AB6D2B5196180014EB1D /* InviteCodeManager.swift */,
			);
			path = InviteCodeInput;
			sourceTree = "<group>";
		};
		5CE897668AB6A088107BF2D5 /* Pods */ = {
			isa = PBXGroup;
			children = (
				D19163B622C1A633724671F8 /* Pods-Profess.debug.xcconfig */,
				509B5476C8DC8F2E2DE24F69 /* Pods-Profess.release.xcconfig */,
				99C033B1B54E0BE2CADE34F5 /* Pods-Profess-ProfessUITests.debug.xcconfig */,
				508A92E0911902EE254DA1E2 /* Pods-Profess-ProfessUITests.release.xcconfig */,
				32730CB7BCEC43EF10C470FD /* Pods-ProfessTests.debug.xcconfig */,
				042707B2A02A83F8EB27AB93 /* Pods-ProfessTests.release.xcconfig */,
			);
			path = Pods;
			sourceTree = "<group>";
		};
		8882092F2B51551B0017EBD9 = {
			isa = PBXGroup;
			children = (
				8882093A2B51551B0017EBD9 /* Profess */,
				888209512B51551D0017EBD9 /* ProfessTests */,
				8882095B2B51551D0017EBD9 /* ProfessUITests */,
				888209392B51551B0017EBD9 /* Products */,
				5CE897668AB6A088107BF2D5 /* Pods */,
				9600CC744104ACCE52D2ABE4 /* Frameworks */,
			);
			sourceTree = "<group>";
		};
		888209392B51551B0017EBD9 /* Products */ = {
			isa = PBXGroup;
			children = (
				888209382B51551B0017EBD9 /* Profess.app */,
				8882094E2B51551D0017EBD9 /* ProfessTests.xctest */,
				888209582B51551D0017EBD9 /* ProfessUITests.xctest */,
			);
			name = Products;
			sourceTree = "<group>";
		};
		8882093A2B51551B0017EBD9 /* Profess */ = {
			isa = PBXGroup;
			children = (
				8882093B2B51551B0017EBD9 /* AppDelegate.swift */,
				8882093D2B51551B0017EBD9 /* SceneDelegate.swift */,
				8882093F2B51551B0017EBD9 /* ViewController.swift */,
				88AC9F602B51831D00FD346C /* Challenger */,
				888209412B51551B0017EBD9 /* Main.storyboard */,
				2D15AB572B5161CF0014EB1D /* Watcher */,
				888209442B51551D0017EBD9 /* Assets.xcassets */,
				888209462B51551D0017EBD9 /* LaunchScreen.storyboard */,
				888209492B51551D0017EBD9 /* Info.plist */,
			);
			path = Profess;
			sourceTree = "<group>";
		};
		888209512B51551D0017EBD9 /* ProfessTests */ = {
			isa = PBXGroup;
			children = (
				888209522B51551D0017EBD9 /* ProfessTests.swift */,
			);
			path = ProfessTests;
			sourceTree = "<group>";
		};
		8882095B2B51551D0017EBD9 /* ProfessUITests */ = {
			isa = PBXGroup;
			children = (
				8882095C2B51551D0017EBD9 /* ProfessUITests.swift */,
				8882095E2B51551D0017EBD9 /* ProfessUITestsLaunchTests.swift */,
			);
			path = ProfessUITests;
			sourceTree = "<group>";
		};
		88AC9F602B51831D00FD346C /* Challenger */ = {
			isa = PBXGroup;
			children = (
				8882096B2B515D980017EBD9 /* SettingGoal.swift */,
				88AC9F612B51834E00FD346C /* SettingDetail.swift */,
				88AC9F632B519AE000FD346C /* DetailCard.xib */,
				88AC9F652B519B1200FD346C /* DetailCardViewController.swift */,
			);
			path = Challenger;
			sourceTree = "<group>";
		};
		9600CC744104ACCE52D2ABE4 /* Frameworks */ = {
			isa = PBXGroup;
			children = (
				173410FFE8C540F2C5341787 /* Pods_Profess.framework */,
				0816F83DDCE5CF4923379A6F /* Pods_Profess_ProfessUITests.framework */,
				5D4358753FA0A9489E73D17E /* Pods_ProfessTests.framework */,
			);
			name = Frameworks;
			sourceTree = "<group>";
		};
/* End PBXGroup section */

/* Begin PBXNativeTarget section */
		888209372B51551B0017EBD9 /* Profess */ = {
			isa = PBXNativeTarget;
			buildConfigurationList = 888209622B51551D0017EBD9 /* Build configuration list for PBXNativeTarget "Profess" */;
			buildPhases = (
				11D380D7E83932ABA3CDFF8F /* [CP] Check Pods Manifest.lock */,
				888209342B51551B0017EBD9 /* Sources */,
				888209352B51551B0017EBD9 /* Frameworks */,
				888209362B51551B0017EBD9 /* Resources */,
				30A8E3E7CEFE963AABAA273C /* [CP] Embed Pods Frameworks */,
				FD9E4677361D7E76F9E77A8F /* [CP] Copy Pods Resources */,
			);
			buildRules = (
			);
			dependencies = (
			);
			name = Profess;
			productName = Profess;
			productReference = 888209382B51551B0017EBD9 /* Profess.app */;
			productType = "com.apple.product-type.application";
		};
		8882094D2B51551D0017EBD9 /* ProfessTests */ = {
			isa = PBXNativeTarget;
			buildConfigurationList = 888209652B51551D0017EBD9 /* Build configuration list for PBXNativeTarget "ProfessTests" */;
			buildPhases = (
				3FAA9567BBBABE5644BD740B /* [CP] Check Pods Manifest.lock */,
				8882094A2B51551D0017EBD9 /* Sources */,
				8882094B2B51551D0017EBD9 /* Frameworks */,
				8882094C2B51551D0017EBD9 /* Resources */,
			);
			buildRules = (
			);
			dependencies = (
				888209502B51551D0017EBD9 /* PBXTargetDependency */,
			);
			name = ProfessTests;
			productName = ProfessTests;
			productReference = 8882094E2B51551D0017EBD9 /* ProfessTests.xctest */;
			productType = "com.apple.product-type.bundle.unit-test";
		};
		888209572B51551D0017EBD9 /* ProfessUITests */ = {
			isa = PBXNativeTarget;
			buildConfigurationList = 888209682B51551D0017EBD9 /* Build configuration list for PBXNativeTarget "ProfessUITests" */;
			buildPhases = (
				305CFC9566FA3BFA8FB40BCA /* [CP] Check Pods Manifest.lock */,
				888209542B51551D0017EBD9 /* Sources */,
				888209552B51551D0017EBD9 /* Frameworks */,
				888209562B51551D0017EBD9 /* Resources */,
				8F76E2F588481EA561715FFB /* [CP] Embed Pods Frameworks */,
				CA58EB307AF9F6F2507946D7 /* [CP] Copy Pods Resources */,
			);
			buildRules = (
			);
			dependencies = (
				8882095A2B51551D0017EBD9 /* PBXTargetDependency */,
			);
			name = ProfessUITests;
			productName = ProfessUITests;
			productReference = 888209582B51551D0017EBD9 /* ProfessUITests.xctest */;
			productType = "com.apple.product-type.bundle.ui-testing";
		};
/* End PBXNativeTarget section */

/* Begin PBXProject section */
		888209302B51551B0017EBD9 /* Project object */ = {
			isa = PBXProject;
			attributes = {
				BuildIndependentTargetsInParallel = 1;
				LastSwiftUpdateCheck = 1520;
				LastUpgradeCheck = 1520;
				TargetAttributes = {
					888209372B51551B0017EBD9 = {
						CreatedOnToolsVersion = 15.2;
					};
					8882094D2B51551D0017EBD9 = {
						CreatedOnToolsVersion = 15.2;
						TestTargetID = 888209372B51551B0017EBD9;
					};
					888209572B51551D0017EBD9 = {
						CreatedOnToolsVersion = 15.2;
						TestTargetID = 888209372B51551B0017EBD9;
					};
				};
			};
			buildConfigurationList = 888209332B51551B0017EBD9 /* Build configuration list for PBXProject "Profess" */;
			compatibilityVersion = "Xcode 14.0";
			developmentRegion = en;
			hasScannedForEncodings = 0;
			knownRegions = (
				en,
				Base,
			);
			mainGroup = 8882092F2B51551B0017EBD9;
			productRefGroup = 888209392B51551B0017EBD9 /* Products */;
			projectDirPath = "";
			projectRoot = "";
			targets = (
				888209372B51551B0017EBD9 /* Profess */,
				8882094D2B51551D0017EBD9 /* ProfessTests */,
				888209572B51551D0017EBD9 /* ProfessUITests */,
			);
		};
/* End PBXProject section */

/* Begin PBXResourcesBuildPhase section */
		888209362B51551B0017EBD9 /* Resources */ = {
			isa = PBXResourcesBuildPhase;
			buildActionMask = 2147483647;
			files = (
				2D15AB642B516C650014EB1D /* UnlockStepTableViewCell.xib in Resources */,
				88AC9F642B519AE000FD346C /* DetailCard.xib in Resources */,
				888209482B51551D0017EBD9 /* LaunchScreen.storyboard in Resources */,
				888209452B51551D0017EBD9 /* Assets.xcassets in Resources */,
				888209432B51551B0017EBD9 /* Main.storyboard in Resources */,
				2D15AB532B5161520014EB1D /* LockStepTableViewCell.xib in Resources */,
			);
			runOnlyForDeploymentPostprocessing = 0;
		};
		8882094C2B51551D0017EBD9 /* Resources */ = {
			isa = PBXResourcesBuildPhase;
			buildActionMask = 2147483647;
			files = (
			);
			runOnlyForDeploymentPostprocessing = 0;
		};
		888209562B51551D0017EBD9 /* Resources */ = {
			isa = PBXResourcesBuildPhase;
			buildActionMask = 2147483647;
			files = (
			);
			runOnlyForDeploymentPostprocessing = 0;
		};
/* End PBXResourcesBuildPhase section */

/* Begin PBXShellScriptBuildPhase section */
		11D380D7E83932ABA3CDFF8F /* [CP] Check Pods Manifest.lock */ = {
			isa = PBXShellScriptBuildPhase;
			buildActionMask = 2147483647;
			files = (
			);
			inputFileListPaths = (
			);
			inputPaths = (
				"${PODS_PODFILE_DIR_PATH}/Podfile.lock",
				"${PODS_ROOT}/Manifest.lock",
			);
			name = "[CP] Check Pods Manifest.lock";
			outputFileListPaths = (
			);
			outputPaths = (
				"$(DERIVED_FILE_DIR)/Pods-Profess-checkManifestLockResult.txt",
			);
			runOnlyForDeploymentPostprocessing = 0;
			shellPath = /bin/sh;
			shellScript = "diff \"${PODS_PODFILE_DIR_PATH}/Podfile.lock\" \"${PODS_ROOT}/Manifest.lock\" > /dev/null\nif [ $? != 0 ] ; then\n    # print error to STDERR\n    echo \"error: The sandbox is not in sync with the Podfile.lock. Run 'pod install' or update your CocoaPods installation.\" >&2\n    exit 1\nfi\n# This output is used by Xcode 'outputs' to avoid re-running this script phase.\necho \"SUCCESS\" > \"${SCRIPT_OUTPUT_FILE_0}\"\n";
			showEnvVarsInLog = 0;
		};
		305CFC9566FA3BFA8FB40BCA /* [CP] Check Pods Manifest.lock */ = {
			isa = PBXShellScriptBuildPhase;
			buildActionMask = 2147483647;
			files = (
			);
			inputFileListPaths = (
			);
			inputPaths = (
				"${PODS_PODFILE_DIR_PATH}/Podfile.lock",
				"${PODS_ROOT}/Manifest.lock",
			);
			name = "[CP] Check Pods Manifest.lock";
			outputFileListPaths = (
			);
			outputPaths = (
				"$(DERIVED_FILE_DIR)/Pods-Profess-ProfessUITests-checkManifestLockResult.txt",
			);
			runOnlyForDeploymentPostprocessing = 0;
			shellPath = /bin/sh;
			shellScript = "diff \"${PODS_PODFILE_DIR_PATH}/Podfile.lock\" \"${PODS_ROOT}/Manifest.lock\" > /dev/null\nif [ $? != 0 ] ; then\n    # print error to STDERR\n    echo \"error: The sandbox is not in sync with the Podfile.lock. Run 'pod install' or update your CocoaPods installation.\" >&2\n    exit 1\nfi\n# This output is used by Xcode 'outputs' to avoid re-running this script phase.\necho \"SUCCESS\" > \"${SCRIPT_OUTPUT_FILE_0}\"\n";
			showEnvVarsInLog = 0;
		};
		30A8E3E7CEFE963AABAA273C /* [CP] Embed Pods Frameworks */ = {
			isa = PBXShellScriptBuildPhase;
			buildActionMask = 2147483647;
			files = (
			);
			inputFileListPaths = (
				"${PODS_ROOT}/Target Support Files/Pods-Profess/Pods-Profess-frameworks-${CONFIGURATION}-input-files.xcfilelist",
			);
			name = "[CP] Embed Pods Frameworks";
			outputFileListPaths = (
				"${PODS_ROOT}/Target Support Files/Pods-Profess/Pods-Profess-frameworks-${CONFIGURATION}-output-files.xcfilelist",
			);
			runOnlyForDeploymentPostprocessing = 0;
			shellPath = /bin/sh;
			shellScript = "\"${PODS_ROOT}/Target Support Files/Pods-Profess/Pods-Profess-frameworks.sh\"\n";
			showEnvVarsInLog = 0;
		};
		3FAA9567BBBABE5644BD740B /* [CP] Check Pods Manifest.lock */ = {
			isa = PBXShellScriptBuildPhase;
			buildActionMask = 2147483647;
			files = (
			);
			inputFileListPaths = (
			);
			inputPaths = (
				"${PODS_PODFILE_DIR_PATH}/Podfile.lock",
				"${PODS_ROOT}/Manifest.lock",
			);
			name = "[CP] Check Pods Manifest.lock";
			outputFileListPaths = (
			);
			outputPaths = (
				"$(DERIVED_FILE_DIR)/Pods-ProfessTests-checkManifestLockResult.txt",
			);
			runOnlyForDeploymentPostprocessing = 0;
			shellPath = /bin/sh;
			shellScript = "diff \"${PODS_PODFILE_DIR_PATH}/Podfile.lock\" \"${PODS_ROOT}/Manifest.lock\" > /dev/null\nif [ $? != 0 ] ; then\n    # print error to STDERR\n    echo \"error: The sandbox is not in sync with the Podfile.lock. Run 'pod install' or update your CocoaPods installation.\" >&2\n    exit 1\nfi\n# This output is used by Xcode 'outputs' to avoid re-running this script phase.\necho \"SUCCESS\" > \"${SCRIPT_OUTPUT_FILE_0}\"\n";
			showEnvVarsInLog = 0;
		};
		8F76E2F588481EA561715FFB /* [CP] Embed Pods Frameworks */ = {
			isa = PBXShellScriptBuildPhase;
			buildActionMask = 2147483647;
			files = (
			);
			inputFileListPaths = (
				"${PODS_ROOT}/Target Support Files/Pods-Profess-ProfessUITests/Pods-Profess-ProfessUITests-frameworks-${CONFIGURATION}-input-files.xcfilelist",
			);
			name = "[CP] Embed Pods Frameworks";
			outputFileListPaths = (
				"${PODS_ROOT}/Target Support Files/Pods-Profess-ProfessUITests/Pods-Profess-ProfessUITests-frameworks-${CONFIGURATION}-output-files.xcfilelist",
			);
			runOnlyForDeploymentPostprocessing = 0;
			shellPath = /bin/sh;
			shellScript = "\"${PODS_ROOT}/Target Support Files/Pods-Profess-ProfessUITests/Pods-Profess-ProfessUITests-frameworks.sh\"\n";
			showEnvVarsInLog = 0;
		};
		CA58EB307AF9F6F2507946D7 /* [CP] Copy Pods Resources */ = {
			isa = PBXShellScriptBuildPhase;
			buildActionMask = 2147483647;
			files = (
			);
			inputFileListPaths = (
				"${PODS_ROOT}/Target Support Files/Pods-Profess-ProfessUITests/Pods-Profess-ProfessUITests-resources-${CONFIGURATION}-input-files.xcfilelist",
			);
			name = "[CP] Copy Pods Resources";
			outputFileListPaths = (
				"${PODS_ROOT}/Target Support Files/Pods-Profess-ProfessUITests/Pods-Profess-ProfessUITests-resources-${CONFIGURATION}-output-files.xcfilelist",
			);
			runOnlyForDeploymentPostprocessing = 0;
			shellPath = /bin/sh;
			shellScript = "\"${PODS_ROOT}/Target Support Files/Pods-Profess-ProfessUITests/Pods-Profess-ProfessUITests-resources.sh\"\n";
			showEnvVarsInLog = 0;
		};
		FD9E4677361D7E76F9E77A8F /* [CP] Copy Pods Resources */ = {
			isa = PBXShellScriptBuildPhase;
			buildActionMask = 2147483647;
			files = (
			);
			inputFileListPaths = (
				"${PODS_ROOT}/Target Support Files/Pods-Profess/Pods-Profess-resources-${CONFIGURATION}-input-files.xcfilelist",
			);
			name = "[CP] Copy Pods Resources";
			outputFileListPaths = (
				"${PODS_ROOT}/Target Support Files/Pods-Profess/Pods-Profess-resources-${CONFIGURATION}-output-files.xcfilelist",
			);
			runOnlyForDeploymentPostprocessing = 0;
			shellPath = /bin/sh;
			shellScript = "\"${PODS_ROOT}/Target Support Files/Pods-Profess/Pods-Profess-resources.sh\"\n";
			showEnvVarsInLog = 0;
		};
/* End PBXShellScriptBuildPhase section */

/* Begin PBXSourcesBuildPhase section */
		888209342B51551B0017EBD9 /* Sources */ = {
			isa = PBXSourcesBuildPhase;
			buildActionMask = 2147483647;
			files = (
				2DFB3BCD2B51C4C50022FD3E /* CheckChallengeContentModel.swift in Sources */,
				888209402B51551B0017EBD9 /* ViewController.swift in Sources */,
				2D15AB6C2B51953D0014EB1D /* InviteCodeModel.swift in Sources */,
				2D15AB632B516C650014EB1D /* UnlockStepTableViewCell.swift in Sources */,
				2DFB3BCF2B51C5CB0022FD3E /* CheckChallengeContentDataManager.swift in Sources */,
				2D15AB6A2B5194E60014EB1D /* InviteCodeInput.swift in Sources */,
				8882093C2B51551B0017EBD9 /* AppDelegate.swift in Sources */,
				8882093E2B51551B0017EBD9 /* SceneDelegate.swift in Sources */,
				2D15AB662B5179850014EB1D /* AddChallengerViewController.swift in Sources */,
				2D15AB552B5161970014EB1D /* WatchHomeViewController.swift in Sources */,
				2D15AB522B5161520014EB1D /* LockStepTableViewCell.swift in Sources */,
				2D15AB6E2B5196180014EB1D /* InviteCodeManager.swift in Sources */,
				88AC9F622B51834E00FD346C /* SettingDetail.swift in Sources */,
				8882096C2B515D980017EBD9 /* SettingGoal.swift in Sources */,
				8882093C2B51551B0017EBD9 /* AppDelegate.swift in Sources */,
				8882093E2B51551B0017EBD9 /* SceneDelegate.swift in Sources */,
				88AC9F662B519B1200FD346C /* DetailCardViewController.swift in Sources */,
			);
			runOnlyForDeploymentPostprocessing = 0;
		};
		8882094A2B51551D0017EBD9 /* Sources */ = {
			isa = PBXSourcesBuildPhase;
			buildActionMask = 2147483647;
			files = (
				888209532B51551D0017EBD9 /* ProfessTests.swift in Sources */,
			);
			runOnlyForDeploymentPostprocessing = 0;
		};
		888209542B51551D0017EBD9 /* Sources */ = {
			isa = PBXSourcesBuildPhase;
			buildActionMask = 2147483647;
			files = (
				8882095D2B51551D0017EBD9 /* ProfessUITests.swift in Sources */,
				8882095F2B51551D0017EBD9 /* ProfessUITestsLaunchTests.swift in Sources */,
			);
			runOnlyForDeploymentPostprocessing = 0;
		};
/* End PBXSourcesBuildPhase section */

/* Begin PBXTargetDependency section */
		888209502B51551D0017EBD9 /* PBXTargetDependency */ = {
			isa = PBXTargetDependency;
			target = 888209372B51551B0017EBD9 /* Profess */;
			targetProxy = 8882094F2B51551D0017EBD9 /* PBXContainerItemProxy */;
		};
		8882095A2B51551D0017EBD9 /* PBXTargetDependency */ = {
			isa = PBXTargetDependency;
			target = 888209372B51551B0017EBD9 /* Profess */;
			targetProxy = 888209592B51551D0017EBD9 /* PBXContainerItemProxy */;
		};
/* End PBXTargetDependency section */

/* Begin PBXVariantGroup section */
		888209412B51551B0017EBD9 /* Main.storyboard */ = {
			isa = PBXVariantGroup;
			children = (
				888209422B51551B0017EBD9 /* Base */,
			);
			name = Main.storyboard;
			sourceTree = "<group>";
		};
		888209462B51551D0017EBD9 /* LaunchScreen.storyboard */ = {
			isa = PBXVariantGroup;
			children = (
				888209472B51551D0017EBD9 /* Base */,
			);
			name = LaunchScreen.storyboard;
			sourceTree = "<group>";
		};
/* End PBXVariantGroup section */

/* Begin XCBuildConfiguration section */
		888209602B51551D0017EBD9 /* Debug */ = {
			isa = XCBuildConfiguration;
			buildSettings = {
				ALWAYS_SEARCH_USER_PATHS = NO;
				ASSETCATALOG_COMPILER_GENERATE_SWIFT_ASSET_SYMBOL_EXTENSIONS = YES;
				CLANG_ANALYZER_NONNULL = YES;
				CLANG_ANALYZER_NUMBER_OBJECT_CONVERSION = YES_AGGRESSIVE;
				CLANG_CXX_LANGUAGE_STANDARD = "gnu++20";
				CLANG_ENABLE_MODULES = YES;
				CLANG_ENABLE_OBJC_ARC = YES;
				CLANG_ENABLE_OBJC_WEAK = YES;
				CLANG_WARN_BLOCK_CAPTURE_AUTORELEASING = YES;
				CLANG_WARN_BOOL_CONVERSION = YES;
				CLANG_WARN_COMMA = YES;
				CLANG_WARN_CONSTANT_CONVERSION = YES;
				CLANG_WARN_DEPRECATED_OBJC_IMPLEMENTATIONS = YES;
				CLANG_WARN_DIRECT_OBJC_ISA_USAGE = YES_ERROR;
				CLANG_WARN_DOCUMENTATION_COMMENTS = YES;
				CLANG_WARN_EMPTY_BODY = YES;
				CLANG_WARN_ENUM_CONVERSION = YES;
				CLANG_WARN_INFINITE_RECURSION = YES;
				CLANG_WARN_INT_CONVERSION = YES;
				CLANG_WARN_NON_LITERAL_NULL_CONVERSION = YES;
				CLANG_WARN_OBJC_IMPLICIT_RETAIN_SELF = YES;
				CLANG_WARN_OBJC_LITERAL_CONVERSION = YES;
				CLANG_WARN_OBJC_ROOT_CLASS = YES_ERROR;
				CLANG_WARN_QUOTED_INCLUDE_IN_FRAMEWORK_HEADER = YES;
				CLANG_WARN_RANGE_LOOP_ANALYSIS = YES;
				CLANG_WARN_STRICT_PROTOTYPES = YES;
				CLANG_WARN_SUSPICIOUS_MOVE = YES;
				CLANG_WARN_UNGUARDED_AVAILABILITY = YES_AGGRESSIVE;
				CLANG_WARN_UNREACHABLE_CODE = YES;
				CLANG_WARN__DUPLICATE_METHOD_MATCH = YES;
				COPY_PHASE_STRIP = NO;
				DEBUG_INFORMATION_FORMAT = dwarf;
				ENABLE_STRICT_OBJC_MSGSEND = YES;
				ENABLE_TESTABILITY = YES;
				ENABLE_USER_SCRIPT_SANDBOXING = NO;
				GCC_C_LANGUAGE_STANDARD = gnu17;
				GCC_DYNAMIC_NO_PIC = NO;
				GCC_NO_COMMON_BLOCKS = YES;
				GCC_OPTIMIZATION_LEVEL = 0;
				GCC_PREPROCESSOR_DEFINITIONS = (
					"DEBUG=1",
					"$(inherited)",
				);
				GCC_WARN_64_TO_32_BIT_CONVERSION = YES;
				GCC_WARN_ABOUT_RETURN_TYPE = YES_ERROR;
				GCC_WARN_UNDECLARED_SELECTOR = YES;
				GCC_WARN_UNINITIALIZED_AUTOS = YES_AGGRESSIVE;
				GCC_WARN_UNUSED_FUNCTION = YES;
				GCC_WARN_UNUSED_VARIABLE = YES;
				IPHONEOS_DEPLOYMENT_TARGET = 17.2;
				LOCALIZATION_PREFERS_STRING_CATALOGS = YES;
				MTL_ENABLE_DEBUG_INFO = INCLUDE_SOURCE;
				MTL_FAST_MATH = YES;
				ONLY_ACTIVE_ARCH = YES;
				SDKROOT = iphoneos;
				SWIFT_ACTIVE_COMPILATION_CONDITIONS = "DEBUG $(inherited)";
				SWIFT_OPTIMIZATION_LEVEL = "-Onone";
			};
			name = Debug;
		};
		888209612B51551D0017EBD9 /* Release */ = {
			isa = XCBuildConfiguration;
			buildSettings = {
				ALWAYS_SEARCH_USER_PATHS = NO;
				ASSETCATALOG_COMPILER_GENERATE_SWIFT_ASSET_SYMBOL_EXTENSIONS = YES;
				CLANG_ANALYZER_NONNULL = YES;
				CLANG_ANALYZER_NUMBER_OBJECT_CONVERSION = YES_AGGRESSIVE;
				CLANG_CXX_LANGUAGE_STANDARD = "gnu++20";
				CLANG_ENABLE_MODULES = YES;
				CLANG_ENABLE_OBJC_ARC = YES;
				CLANG_ENABLE_OBJC_WEAK = YES;
				CLANG_WARN_BLOCK_CAPTURE_AUTORELEASING = YES;
				CLANG_WARN_BOOL_CONVERSION = YES;
				CLANG_WARN_COMMA = YES;
				CLANG_WARN_CONSTANT_CONVERSION = YES;
				CLANG_WARN_DEPRECATED_OBJC_IMPLEMENTATIONS = YES;
				CLANG_WARN_DIRECT_OBJC_ISA_USAGE = YES_ERROR;
				CLANG_WARN_DOCUMENTATION_COMMENTS = YES;
				CLANG_WARN_EMPTY_BODY = YES;
				CLANG_WARN_ENUM_CONVERSION = YES;
				CLANG_WARN_INFINITE_RECURSION = YES;
				CLANG_WARN_INT_CONVERSION = YES;
				CLANG_WARN_NON_LITERAL_NULL_CONVERSION = YES;
				CLANG_WARN_OBJC_IMPLICIT_RETAIN_SELF = YES;
				CLANG_WARN_OBJC_LITERAL_CONVERSION = YES;
				CLANG_WARN_OBJC_ROOT_CLASS = YES_ERROR;
				CLANG_WARN_QUOTED_INCLUDE_IN_FRAMEWORK_HEADER = YES;
				CLANG_WARN_RANGE_LOOP_ANALYSIS = YES;
				CLANG_WARN_STRICT_PROTOTYPES = YES;
				CLANG_WARN_SUSPICIOUS_MOVE = YES;
				CLANG_WARN_UNGUARDED_AVAILABILITY = YES_AGGRESSIVE;
				CLANG_WARN_UNREACHABLE_CODE = YES;
				CLANG_WARN__DUPLICATE_METHOD_MATCH = YES;
				COPY_PHASE_STRIP = NO;
				DEBUG_INFORMATION_FORMAT = "dwarf-with-dsym";
				ENABLE_NS_ASSERTIONS = NO;
				ENABLE_STRICT_OBJC_MSGSEND = YES;
				ENABLE_USER_SCRIPT_SANDBOXING = NO;
				GCC_C_LANGUAGE_STANDARD = gnu17;
				GCC_NO_COMMON_BLOCKS = YES;
				GCC_WARN_64_TO_32_BIT_CONVERSION = YES;
				GCC_WARN_ABOUT_RETURN_TYPE = YES_ERROR;
				GCC_WARN_UNDECLARED_SELECTOR = YES;
				GCC_WARN_UNINITIALIZED_AUTOS = YES_AGGRESSIVE;
				GCC_WARN_UNUSED_FUNCTION = YES;
				GCC_WARN_UNUSED_VARIABLE = YES;
				IPHONEOS_DEPLOYMENT_TARGET = 17.2;
				LOCALIZATION_PREFERS_STRING_CATALOGS = YES;
				MTL_ENABLE_DEBUG_INFO = NO;
				MTL_FAST_MATH = YES;
				SDKROOT = iphoneos;
				SWIFT_COMPILATION_MODE = wholemodule;
				VALIDATE_PRODUCT = YES;
			};
			name = Release;
		};
		888209632B51551D0017EBD9 /* Debug */ = {
			isa = XCBuildConfiguration;
			baseConfigurationReference = D19163B622C1A633724671F8 /* Pods-Profess.debug.xcconfig */;
			buildSettings = {
				ASSETCATALOG_COMPILER_APPICON_NAME = AppIcon;
				ASSETCATALOG_COMPILER_GLOBAL_ACCENT_COLOR_NAME = AccentColor;
				CODE_SIGN_STYLE = Automatic;
				CURRENT_PROJECT_VERSION = 1;
				DEVELOPMENT_TEAM = "";
				GENERATE_INFOPLIST_FILE = YES;
				INFOPLIST_FILE = Profess/Info.plist;
				INFOPLIST_KEY_UIApplicationSupportsIndirectInputEvents = YES;
				INFOPLIST_KEY_UILaunchStoryboardName = LaunchScreen;
				INFOPLIST_KEY_UIMainStoryboardFile = Main;
				INFOPLIST_KEY_UISupportedInterfaceOrientations_iPad = "UIInterfaceOrientationPortrait UIInterfaceOrientationPortraitUpsideDown UIInterfaceOrientationLandscapeLeft UIInterfaceOrientationLandscapeRight";
				INFOPLIST_KEY_UISupportedInterfaceOrientations_iPhone = "UIInterfaceOrientationPortrait UIInterfaceOrientationLandscapeLeft UIInterfaceOrientationLandscapeRight";
				IPHONEOS_DEPLOYMENT_TARGET = 16.0;
				LD_RUNPATH_SEARCH_PATHS = (
					"$(inherited)",
					"@executable_path/Frameworks",
				);
				MARKETING_VERSION = 1.0;
				"OTHER_LDFLAGS[arch=*]" = (
					"$(inherited)",
					"-framework",
					"\"Alamofire\"",
					"-framework",
					"\"CFNetwork\"",
				);
				PRODUCT_BUNDLE_IDENTIFIER = app.Profess;
				PRODUCT_NAME = "$(TARGET_NAME)";
				SWIFT_EMIT_LOC_STRINGS = YES;
				SWIFT_VERSION = 5.0;
				TARGETED_DEVICE_FAMILY = "1,2";
			};
			name = Debug;
		};
		888209642B51551D0017EBD9 /* Release */ = {
			isa = XCBuildConfiguration;
			baseConfigurationReference = 509B5476C8DC8F2E2DE24F69 /* Pods-Profess.release.xcconfig */;
			buildSettings = {
				ASSETCATALOG_COMPILER_APPICON_NAME = AppIcon;
				ASSETCATALOG_COMPILER_GLOBAL_ACCENT_COLOR_NAME = AccentColor;
				CODE_SIGN_STYLE = Automatic;
				CURRENT_PROJECT_VERSION = 1;
				DEVELOPMENT_TEAM = "";
				GENERATE_INFOPLIST_FILE = YES;
				INFOPLIST_FILE = Profess/Info.plist;
				INFOPLIST_KEY_UIApplicationSupportsIndirectInputEvents = YES;
				INFOPLIST_KEY_UILaunchStoryboardName = LaunchScreen;
				INFOPLIST_KEY_UIMainStoryboardFile = Main;
				INFOPLIST_KEY_UISupportedInterfaceOrientations_iPad = "UIInterfaceOrientationPortrait UIInterfaceOrientationPortraitUpsideDown UIInterfaceOrientationLandscapeLeft UIInterfaceOrientationLandscapeRight";
				INFOPLIST_KEY_UISupportedInterfaceOrientations_iPhone = "UIInterfaceOrientationPortrait UIInterfaceOrientationLandscapeLeft UIInterfaceOrientationLandscapeRight";
				IPHONEOS_DEPLOYMENT_TARGET = 16.0;
				LD_RUNPATH_SEARCH_PATHS = (
					"$(inherited)",
					"@executable_path/Frameworks",
				);
				MARKETING_VERSION = 1.0;
				"OTHER_LDFLAGS[arch=*]" = (
					"$(inherited)",
					"-framework",
					"\"Alamofire\"",
					"-framework",
					"\"CFNetwork\"",
				);
				PRODUCT_BUNDLE_IDENTIFIER = app.Profess;
				PRODUCT_NAME = "$(TARGET_NAME)";
				SWIFT_EMIT_LOC_STRINGS = YES;
				SWIFT_VERSION = 5.0;
				TARGETED_DEVICE_FAMILY = "1,2";
			};
			name = Release;
		};
		888209662B51551D0017EBD9 /* Debug */ = {
			isa = XCBuildConfiguration;
			baseConfigurationReference = 32730CB7BCEC43EF10C470FD /* Pods-ProfessTests.debug.xcconfig */;
			buildSettings = {
				ALWAYS_EMBED_SWIFT_STANDARD_LIBRARIES = YES;
				BUNDLE_LOADER = "$(TEST_HOST)";
				CODE_SIGN_STYLE = Automatic;
				CURRENT_PROJECT_VERSION = 1;
				DEVELOPMENT_TEAM = 9KR47X6UHQ;
				GENERATE_INFOPLIST_FILE = YES;
				IPHONEOS_DEPLOYMENT_TARGET = 17.2;
				MARKETING_VERSION = 1.0;
				PRODUCT_BUNDLE_IDENTIFIER = jikbb2.ProfessTests;
				PRODUCT_NAME = "$(TARGET_NAME)";
				SWIFT_EMIT_LOC_STRINGS = NO;
				SWIFT_VERSION = 5.0;
				TARGETED_DEVICE_FAMILY = "1,2";
				TEST_HOST = "$(BUILT_PRODUCTS_DIR)/Profess.app/$(BUNDLE_EXECUTABLE_FOLDER_PATH)/Profess";
			};
			name = Debug;
		};
		888209672B51551D0017EBD9 /* Release */ = {
			isa = XCBuildConfiguration;
			baseConfigurationReference = 042707B2A02A83F8EB27AB93 /* Pods-ProfessTests.release.xcconfig */;
			buildSettings = {
				ALWAYS_EMBED_SWIFT_STANDARD_LIBRARIES = YES;
				BUNDLE_LOADER = "$(TEST_HOST)";
				CODE_SIGN_STYLE = Automatic;
				CURRENT_PROJECT_VERSION = 1;
				DEVELOPMENT_TEAM = 9KR47X6UHQ;
				GENERATE_INFOPLIST_FILE = YES;
				IPHONEOS_DEPLOYMENT_TARGET = 17.2;
				MARKETING_VERSION = 1.0;
				PRODUCT_BUNDLE_IDENTIFIER = jikbb2.ProfessTests;
				PRODUCT_NAME = "$(TARGET_NAME)";
				SWIFT_EMIT_LOC_STRINGS = NO;
				SWIFT_VERSION = 5.0;
				TARGETED_DEVICE_FAMILY = "1,2";
				TEST_HOST = "$(BUILT_PRODUCTS_DIR)/Profess.app/$(BUNDLE_EXECUTABLE_FOLDER_PATH)/Profess";
			};
			name = Release;
		};
		888209692B51551D0017EBD9 /* Debug */ = {
			isa = XCBuildConfiguration;
			baseConfigurationReference = 99C033B1B54E0BE2CADE34F5 /* Pods-Profess-ProfessUITests.debug.xcconfig */;
			buildSettings = {
				ALWAYS_EMBED_SWIFT_STANDARD_LIBRARIES = YES;
				CODE_SIGN_STYLE = Automatic;
				CURRENT_PROJECT_VERSION = 1;
				DEVELOPMENT_TEAM = 9KR47X6UHQ;
				GENERATE_INFOPLIST_FILE = YES;
				MARKETING_VERSION = 1.0;
				PRODUCT_BUNDLE_IDENTIFIER = jikbb2.ProfessUITests;
				PRODUCT_NAME = "$(TARGET_NAME)";
				SWIFT_EMIT_LOC_STRINGS = NO;
				SWIFT_VERSION = 5.0;
				TARGETED_DEVICE_FAMILY = "1,2";
				TEST_TARGET_NAME = Profess;
			};
			name = Debug;
		};
		8882096A2B51551D0017EBD9 /* Release */ = {
			isa = XCBuildConfiguration;
			baseConfigurationReference = 508A92E0911902EE254DA1E2 /* Pods-Profess-ProfessUITests.release.xcconfig */;
			buildSettings = {
				ALWAYS_EMBED_SWIFT_STANDARD_LIBRARIES = YES;
				CODE_SIGN_STYLE = Automatic;
				CURRENT_PROJECT_VERSION = 1;
				DEVELOPMENT_TEAM = 9KR47X6UHQ;
				GENERATE_INFOPLIST_FILE = YES;
				MARKETING_VERSION = 1.0;
				PRODUCT_BUNDLE_IDENTIFIER = jikbb2.ProfessUITests;
				PRODUCT_NAME = "$(TARGET_NAME)";
				SWIFT_EMIT_LOC_STRINGS = NO;
				SWIFT_VERSION = 5.0;
				TARGETED_DEVICE_FAMILY = "1,2";
				TEST_TARGET_NAME = Profess;
			};
			name = Release;
		};
/* End XCBuildConfiguration section */

/* Begin XCConfigurationList section */
		888209332B51551B0017EBD9 /* Build configuration list for PBXProject "Profess" */ = {
			isa = XCConfigurationList;
			buildConfigurations = (
				888209602B51551D0017EBD9 /* Debug */,
				888209612B51551D0017EBD9 /* Release */,
			);
			defaultConfigurationIsVisible = 0;
			defaultConfigurationName = Release;
		};
		888209622B51551D0017EBD9 /* Build configuration list for PBXNativeTarget "Profess" */ = {
			isa = XCConfigurationList;
			buildConfigurations = (
				888209632B51551D0017EBD9 /* Debug */,
				888209642B51551D0017EBD9 /* Release */,
			);
			defaultConfigurationIsVisible = 0;
			defaultConfigurationName = Release;
		};
		888209652B51551D0017EBD9 /* Build configuration list for PBXNativeTarget "ProfessTests" */ = {
			isa = XCConfigurationList;
			buildConfigurations = (
				888209662B51551D0017EBD9 /* Debug */,
				888209672B51551D0017EBD9 /* Release */,
			);
			defaultConfigurationIsVisible = 0;
			defaultConfigurationName = Release;
		};
		888209682B51551D0017EBD9 /* Build configuration list for PBXNativeTarget "ProfessUITests" */ = {
			isa = XCConfigurationList;
			buildConfigurations = (
				888209692B51551D0017EBD9 /* Debug */,
				8882096A2B51551D0017EBD9 /* Release */,
			);
			defaultConfigurationIsVisible = 0;
			defaultConfigurationName = Release;
		};
/* End XCConfigurationList section */
	};
	rootObject = 888209302B51551B0017EBD9 /* Project object */;
}
