// !$*UTF8*$!
{
	archiveVersion = 1;
	classes = {
	};
	objectVersion = 56;
	objects = {

/* Begin PBXBuildFile section */
		8882093C2B51551B0017EBD9 /* AppDelegate.swift in Sources */ = {isa = PBXBuildFile; fileRef = 8882093B2B51551B0017EBD9 /* AppDelegate.swift */; };
		8882093E2B51551B0017EBD9 /* SceneDelegate.swift in Sources */ = {isa = PBXBuildFile; fileRef = 8882093D2B51551B0017EBD9 /* SceneDelegate.swift */; };
		888209402B51551B0017EBD9 /* ViewController.swift in Sources */ = {isa = PBXBuildFile; fileRef = 8882093F2B51551B0017EBD9 /* ViewController.swift */; };
		888209432B51551B0017EBD9 /* Main.storyboard in Resources */ = {isa = PBXBuildFile; fileRef = 888209412B51551B0017EBD9 /* Main.storyboard */; };
		888209452B51551D0017EBD9 /* Assets.xcassets in Resources */ = {isa = PBXBuildFile; fileRef = 888209442B51551D0017EBD9 /* Assets.xcassets */; };
		888209482B51551D0017EBD9 /* LaunchScreen.storyboard in Resources */ = {isa = PBXBuildFile; fileRef = 888209462B51551D0017EBD9 /* LaunchScreen.storyboard */; };
		888209532B51551D0017EBD9 /* ProfessTests.swift in Sources */ = {isa = PBXBuildFile; fileRef = 888209522B51551D0017EBD9 /* ProfessTests.swift */; };
		8882095D2B51551D0017EBD9 /* ProfessUITests.swift in Sources */ = {isa = PBXBuildFile; fileRef = 8882095C2B51551D0017EBD9 /* ProfessUITests.swift */; };
		8882095F2B51551D0017EBD9 /* ProfessUITestsLaunchTests.swift in Sources */ = {isa = PBXBuildFile; fileRef = 8882095E2B51551D0017EBD9 /* ProfessUITestsLaunchTests.swift */; };
/* End PBXBuildFile section */

/* Begin PBXContainerItemProxy section */
		8882094F2B51551D0017EBD9 /* PBXContainerItemProxy */ = {
			isa = PBXContainerItemProxy;
			containerPortal = 888209302B51551B0017EBD9 /* Project object */;
			proxyType = 1;
			remoteGlobalIDString = 888209372B51551B0017EBD9;
			remoteInfo = Profess;
		};
		888209592B51551D0017EBD9 /* PBXContainerItemProxy */ = {
			isa = PBXContainerItemProxy;
			containerPortal = 888209302B51551B0017EBD9 /* Project object */;
			proxyType = 1;
			remoteGlobalIDString = 888209372B51551B0017EBD9;
			remoteInfo = Profess;
		};
/* End PBXContainerItemProxy section */

/* Begin PBXFileReference section */
		888209382B51551B0017EBD9 /* Profess.app */ = {isa = PBXFileReference; explicitFileType = wrapper.application; includeInIndex = 0; path = Profess.app; sourceTree = BUILT_PRODUCTS_DIR; };
		8882093B2B51551B0017EBD9 /* AppDelegate.swift */ = {isa = PBXFileReference; lastKnownFileType = sourcecode.swift; path = AppDelegate.swift; sourceTree = "<group>"; };
		8882093D2B51551B0017EBD9 /* SceneDelegate.swift */ = {isa = PBXFileReference; lastKnownFileType = sourcecode.swift; path = SceneDelegate.swift; sourceTree = "<group>"; };
		8882093F2B51551B0017EBD9 /* ViewController.swift */ = {isa = PBXFileReference; lastKnownFileType = sourcecode.swift; path = ViewController.swift; sourceTree = "<group>"; };
		888209422B51551B0017EBD9 /* Base */ = {isa = PBXFileReference; lastKnownFileType = file.storyboard; name = Base; path = Base.lproj/Main.storyboard; sourceTree = "<group>"; };
		888209442B51551D0017EBD9 /* Assets.xcassets */ = {isa = PBXFileReference; lastKnownFileType = folder.assetcatalog; path = Assets.xcassets; sourceTree = "<group>"; };
		888209472B51551D0017EBD9 /* Base */ = {isa = PBXFileReference; lastKnownFileType = file.storyboard; name = Base; path = Base.lproj/LaunchScreen.storyboard; sourceTree = "<group>"; };
		888209492B51551D0017EBD9 /* Info.plist */ = {isa = PBXFileReference; lastKnownFileType = text.plist.xml; path = Info.plist; sourceTree = "<group>"; };
		8882094E2B51551D0017EBD9 /* ProfessTests.xctest */ = {isa = PBXFileReference; explicitFileType = wrapper.cfbundle; includeInIndex = 0; path = ProfessTests.xctest; sourceTree = BUILT_PRODUCTS_DIR; };
		888209522B51551D0017EBD9 /* ProfessTests.swift */ = {isa = PBXFileReference; lastKnownFileType = sourcecode.swift; path = ProfessTests.swift; sourceTree = "<group>"; };
		888209582B51551D0017EBD9 /* ProfessUITests.xctest */ = {isa = PBXFileReference; explicitFileType = wrapper.cfbundle; includeInIndex = 0; path = ProfessUITests.xctest; sourceTree = BUILT_PRODUCTS_DIR; };
		8882095C2B51551D0017EBD9 /* ProfessUITests.swift */ = {isa = PBXFileReference; lastKnownFileType = sourcecode.swift; path = ProfessUITests.swift; sourceTree = "<group>"; };
		8882095E2B51551D0017EBD9 /* ProfessUITestsLaunchTests.swift */ = {isa = PBXFileReference; lastKnownFileType = sourcecode.swift; path = ProfessUITestsLaunchTests.swift; sourceTree = "<group>"; };
/* End PBXFileReference section */

/* Begin PBXFrameworksBuildPhase section */
		888209352B51551B0017EBD9 /* Frameworks */ = {
			isa = PBXFrameworksBuildPhase;
			buildActionMask = 2147483647;
			files = (
			);
			runOnlyForDeploymentPostprocessing = 0;
		};
		8882094B2B51551D0017EBD9 /* Frameworks */ = {
			isa = PBXFrameworksBuildPhase;
			buildActionMask = 2147483647;
			files = (
			);
			runOnlyForDeploymentPostprocessing = 0;
		};
		888209552B51551D0017EBD9 /* Frameworks */ = {
			isa = PBXFrameworksBuildPhase;
			buildActionMask = 2147483647;
			files = (
			);
			runOnlyForDeploymentPostprocessing = 0;
		};
/* End PBXFrameworksBuildPhase section */

/* Begin PBXGroup section */
		8882092F2B51551B0017EBD9 = {
			isa = PBXGroup;
			children = (
				8882093A2B51551B0017EBD9 /* Profess */,
				888209512B51551D0017EBD9 /* ProfessTests */,
				8882095B2B51551D0017EBD9 /* ProfessUITests */,
				888209392B51551B0017EBD9 /* Products */,
			);
			sourceTree = "<group>";
		};
		888209392B51551B0017EBD9 /* Products */ = {
			isa = PBXGroup;
			children = (
				888209382B51551B0017EBD9 /* Profess.app */,
				8882094E2B51551D0017EBD9 /* ProfessTests.xctest */,
				888209582B51551D0017EBD9 /* ProfessUITests.xctest */,
			);
			name = Products;
			sourceTree = "<group>";
		};
		8882093A2B51551B0017EBD9 /* Profess */ = {
			isa = PBXGroup;
			children = (
				8882093B2B51551B0017EBD9 /* AppDelegate.swift */,
				8882093D2B51551B0017EBD9 /* SceneDelegate.swift */,
				8882093F2B51551B0017EBD9 /* ViewController.swift */,
				888209412B51551B0017EBD9 /* Main.storyboard */,
				888209442B51551D0017EBD9 /* Assets.xcassets */,
				888209462B51551D0017EBD9 /* LaunchScreen.storyboard */,
				888209492B51551D0017EBD9 /* Info.plist */,
			);
			path = Profess;
			sourceTree = "<group>";
		};
		888209512B51551D0017EBD9 /* ProfessTests */ = {
			isa = PBXGroup;
			children = (
				888209522B51551D0017EBD9 /* ProfessTests.swift */,
			);
			path = ProfessTests;
			sourceTree = "<group>";
		};
		8882095B2B51551D0017EBD9 /* ProfessUITests */ = {
			isa = PBXGroup;
			children = (
				8882095C2B51551D0017EBD9 /* ProfessUITests.swift */,
				8882095E2B51551D0017EBD9 /* ProfessUITestsLaunchTests.swift */,
			);
			path = ProfessUITests;
			sourceTree = "<group>";
		};
/* End PBXGroup section */

/* Begin PBXNativeTarget section */
		888209372B51551B0017EBD9 /* Profess */ = {
			isa = PBXNativeTarget;
			buildConfigurationList = 888209622B51551D0017EBD9 /* Build configuration list for PBXNativeTarget "Profess" */;
			buildPhases = (
				888209342B51551B0017EBD9 /* Sources */,
				888209352B51551B0017EBD9 /* Frameworks */,
				888209362B51551B0017EBD9 /* Resources */,
			);
			buildRules = (
			);
			dependencies = (
			);
			name = Profess;
			productName = Profess;
			productReference = 888209382B51551B0017EBD9 /* Profess.app */;
			productType = "com.apple.product-type.application";
		};
		8882094D2B51551D0017EBD9 /* ProfessTests */ = {
			isa = PBXNativeTarget;
			buildConfigurationList = 888209652B51551D0017EBD9 /* Build configuration list for PBXNativeTarget "ProfessTests" */;
			buildPhases = (
				8882094A2B51551D0017EBD9 /* Sources */,
				8882094B2B51551D0017EBD9 /* Frameworks */,
				8882094C2B51551D0017EBD9 /* Resources */,
			);
			buildRules = (
			);
			dependencies = (
				888209502B51551D0017EBD9 /* PBXTargetDependency */,
			);
			name = ProfessTests;
			productName = ProfessTests;
			productReference = 8882094E2B51551D0017EBD9 /* ProfessTests.xctest */;
			productType = "com.apple.product-type.bundle.unit-test";
		};
		888209572B51551D0017EBD9 /* ProfessUITests */ = {
			isa = PBXNativeTarget;
			buildConfigurationList = 888209682B51551D0017EBD9 /* Build configuration list for PBXNativeTarget "ProfessUITests" */;
			buildPhases = (
				888209542B51551D0017EBD9 /* Sources */,
				888209552B51551D0017EBD9 /* Frameworks */,
				888209562B51551D0017EBD9 /* Resources */,
			);
			buildRules = (
			);
			dependencies = (
				8882095A2B51551D0017EBD9 /* PBXTargetDependency */,
			);
			name = ProfessUITests;
			productName = ProfessUITests;
			productReference = 888209582B51551D0017EBD9 /* ProfessUITests.xctest */;
			productType = "com.apple.product-type.bundle.ui-testing";
		};
/* End PBXNativeTarget section */

/* Begin PBXProject section */
		888209302B51551B0017EBD9 /* Project object */ = {
			isa = PBXProject;
			attributes = {
				BuildIndependentTargetsInParallel = 1;
				LastSwiftUpdateCheck = 1520;
				LastUpgradeCheck = 1520;
				TargetAttributes = {
					888209372B51551B0017EBD9 = {
						CreatedOnToolsVersion = 15.2;
					};
					8882094D2B51551D0017EBD9 = {
						CreatedOnToolsVersion = 15.2;
						TestTargetID = 888209372B51551B0017EBD9;
					};
					888209572B51551D0017EBD9 = {
						CreatedOnToolsVersion = 15.2;
						TestTargetID = 888209372B51551B0017EBD9;
					};
				};
			};
			buildConfigurationList = 888209332B51551B0017EBD9 /* Build configuration list for PBXProject "Profess" */;
			compatibilityVersion = "Xcode 14.0";
			developmentRegion = en;
			hasScannedForEncodings = 0;
			knownRegions = (
				en,
				Base,
			);
			mainGroup = 8882092F2B51551B0017EBD9;
			productRefGroup = 888209392B51551B0017EBD9 /* Products */;
			projectDirPath = "";
			projectRoot = "";
			targets = (
				888209372B51551B0017EBD9 /* Profess */,
				8882094D2B51551D0017EBD9 /* ProfessTests */,
				888209572B51551D0017EBD9 /* ProfessUITests */,
			);
		};
/* End PBXProject section */

/* Begin PBXResourcesBuildPhase section */
		888209362B51551B0017EBD9 /* Resources */ = {
			isa = PBXResourcesBuildPhase;
			buildActionMask = 2147483647;
			files = (
				888209482B51551D0017EBD9 /* LaunchScreen.storyboard in Resources */,
				888209452B51551D0017EBD9 /* Assets.xcassets in Resources */,
				888209432B51551B0017EBD9 /* Main.storyboard in Resources */,
			);
			runOnlyForDeploymentPostprocessing = 0;
		};
		8882094C2B51551D0017EBD9 /* Resources */ = {
			isa = PBXResourcesBuildPhase;
			buildActionMask = 2147483647;
			files = (
			);
			runOnlyForDeploymentPostprocessing = 0;
		};
		888209562B51551D0017EBD9 /* Resources */ = {
			isa = PBXResourcesBuildPhase;
			buildActionMask = 2147483647;
			files = (
			);
			runOnlyForDeploymentPostprocessing = 0;
		};
/* End PBXResourcesBuildPhase section */

/* Begin PBXSourcesBuildPhase section */
		888209342B51551B0017EBD9 /* Sources */ = {
			isa = PBXSourcesBuildPhase;
			buildActionMask = 2147483647;
			files = (
				888209402B51551B0017EBD9 /* ViewController.swift in Sources */,
				8882093C2B51551B0017EBD9 /* AppDelegate.swift in Sources */,
				8882093E2B51551B0017EBD9 /* SceneDelegate.swift in Sources */,
			);
			runOnlyForDeploymentPostprocessing = 0;
		};
		8882094A2B51551D0017EBD9 /* Sources */ = {
			isa = PBXSourcesBuildPhase;
			buildActionMask = 2147483647;
			files = (
				888209532B51551D0017EBD9 /* ProfessTests.swift in Sources */,
			);
			runOnlyForDeploymentPostprocessing = 0;
		};
		888209542B51551D0017EBD9 /* Sources */ = {
			isa = PBXSourcesBuildPhase;
			buildActionMask = 2147483647;
			files = (
				8882095D2B51551D0017EBD9 /* ProfessUITests.swift in Sources */,
				8882095F2B51551D0017EBD9 /* ProfessUITestsLaunchTests.swift in Sources */,
			);
			runOnlyForDeploymentPostprocessing = 0;
		};
/* End PBXSourcesBuildPhase section */

/* Begin PBXTargetDependency section */
		888209502B51551D0017EBD9 /* PBXTargetDependency */ = {
			isa = PBXTargetDependency;
			target = 888209372B51551B0017EBD9 /* Profess */;
			targetProxy = 8882094F2B51551D0017EBD9 /* PBXContainerItemProxy */;
		};
		8882095A2B51551D0017EBD9 /* PBXTargetDependency */ = {
			isa = PBXTargetDependency;
			target = 888209372B51551B0017EBD9 /* Profess */;
			targetProxy = 888209592B51551D0017EBD9 /* PBXContainerItemProxy */;
		};
/* End PBXTargetDependency section */

/* Begin PBXVariantGroup section */
		888209412B51551B0017EBD9 /* Main.storyboard */ = {
			isa = PBXVariantGroup;
			children = (
				888209422B51551B0017EBD9 /* Base */,
			);
			name = Main.storyboard;
			sourceTree = "<group>";
		};
		888209462B51551D0017EBD9 /* LaunchScreen.storyboard */ = {
			isa = PBXVariantGroup;
			children = (
				888209472B51551D0017EBD9 /* Base */,
			);
			name = LaunchScreen.storyboard;
			sourceTree = "<group>";
		};
/* End PBXVariantGroup section */

/* Begin XCBuildConfiguration section */
		888209602B51551D0017EBD9 /* Debug */ = {
			isa = XCBuildConfiguration;
			buildSettings = {
				ALWAYS_SEARCH_USER_PATHS = NO;
				ASSETCATALOG_COMPILER_GENERATE_SWIFT_ASSET_SYMBOL_EXTENSIONS = YES;
				CLANG_ANALYZER_NONNULL = YES;
				CLANG_ANALYZER_NUMBER_OBJECT_CONVERSION = YES_AGGRESSIVE;
				CLANG_CXX_LANGUAGE_STANDARD = "gnu++20";
				CLANG_ENABLE_MODULES = YES;
				CLANG_ENABLE_OBJC_ARC = YES;
				CLANG_ENABLE_OBJC_WEAK = YES;
				CLANG_WARN_BLOCK_CAPTURE_AUTORELEASING = YES;
				CLANG_WARN_BOOL_CONVERSION = YES;
				CLANG_WARN_COMMA = YES;
				CLANG_WARN_CONSTANT_CONVERSION = YES;
				CLANG_WARN_DEPRECATED_OBJC_IMPLEMENTATIONS = YES;
				CLANG_WARN_DIRECT_OBJC_ISA_USAGE = YES_ERROR;
				CLANG_WARN_DOCUMENTATION_COMMENTS = YES;
				CLANG_WARN_EMPTY_BODY = YES;
				CLANG_WARN_ENUM_CONVERSION = YES;
				CLANG_WARN_INFINITE_RECURSION = YES;
				CLANG_WARN_INT_CONVERSION = YES;
				CLANG_WARN_NON_LITERAL_NULL_CONVERSION = YES;
				CLANG_WARN_OBJC_IMPLICIT_RETAIN_SELF = YES;
				CLANG_WARN_OBJC_LITERAL_CONVERSION = YES;
				CLANG_WARN_OBJC_ROOT_CLASS = YES_ERROR;
				CLANG_WARN_QUOTED_INCLUDE_IN_FRAMEWORK_HEADER = YES;
				CLANG_WARN_RANGE_LOOP_ANALYSIS = YES;
				CLANG_WARN_STRICT_PROTOTYPES = YES;
				CLANG_WARN_SUSPICIOUS_MOVE = YES;
				CLANG_WARN_UNGUARDED_AVAILABILITY = YES_AGGRESSIVE;
				CLANG_WARN_UNREACHABLE_CODE = YES;
				CLANG_WARN__DUPLICATE_METHOD_MATCH = YES;
				COPY_PHASE_STRIP = NO;
				DEBUG_INFORMATION_FORMAT = dwarf;
				ENABLE_STRICT_OBJC_MSGSEND = YES;
				ENABLE_TESTABILITY = YES;
				ENABLE_USER_SCRIPT_SANDBOXING = YES;
				GCC_C_LANGUAGE_STANDARD = gnu17;
				GCC_DYNAMIC_NO_PIC = NO;
				GCC_NO_COMMON_BLOCKS = YES;
				GCC_OPTIMIZATION_LEVEL = 0;
				GCC_PREPROCESSOR_DEFINITIONS = (
					"DEBUG=1",
					"$(inherited)",
				);
				GCC_WARN_64_TO_32_BIT_CONVERSION = YES;
				GCC_WARN_ABOUT_RETURN_TYPE = YES_ERROR;
				GCC_WARN_UNDECLARED_SELECTOR = YES;
				GCC_WARN_UNINITIALIZED_AUTOS = YES_AGGRESSIVE;
				GCC_WARN_UNUSED_FUNCTION = YES;
				GCC_WARN_UNUSED_VARIABLE = YES;
				IPHONEOS_DEPLOYMENT_TARGET = 17.2;
				LOCALIZATION_PREFERS_STRING_CATALOGS = YES;
				MTL_ENABLE_DEBUG_INFO = INCLUDE_SOURCE;
				MTL_FAST_MATH = YES;
				ONLY_ACTIVE_ARCH = YES;
				SDKROOT = iphoneos;
				SWIFT_ACTIVE_COMPILATION_CONDITIONS = "DEBUG $(inherited)";
				SWIFT_OPTIMIZATION_LEVEL = "-Onone";
			};
			name = Debug;
		};
		888209612B51551D0017EBD9 /* Release */ = {
			isa = XCBuildConfiguration;
			buildSettings = {
				ALWAYS_SEARCH_USER_PATHS = NO;
				ASSETCATALOG_COMPILER_GENERATE_SWIFT_ASSET_SYMBOL_EXTENSIONS = YES;
				CLANG_ANALYZER_NONNULL = YES;
				CLANG_ANALYZER_NUMBER_OBJECT_CONVERSION = YES_AGGRESSIVE;
				CLANG_CXX_LANGUAGE_STANDARD = "gnu++20";
				CLANG_ENABLE_MODULES = YES;
				CLANG_ENABLE_OBJC_ARC = YES;
				CLANG_ENABLE_OBJC_WEAK = YES;
				CLANG_WARN_BLOCK_CAPTURE_AUTORELEASING = YES;
				CLANG_WARN_BOOL_CONVERSION = YES;
				CLANG_WARN_COMMA = YES;
				CLANG_WARN_CONSTANT_CONVERSION = YES;
				CLANG_WARN_DEPRECATED_OBJC_IMPLEMENTATIONS = YES;
				CLANG_WARN_DIRECT_OBJC_ISA_USAGE = YES_ERROR;
				CLANG_WARN_DOCUMENTATION_COMMENTS = YES;
				CLANG_WARN_EMPTY_BODY = YES;
				CLANG_WARN_ENUM_CONVERSION = YES;
				CLANG_WARN_INFINITE_RECURSION = YES;
				CLANG_WARN_INT_CONVERSION = YES;
				CLANG_WARN_NON_LITERAL_NULL_CONVERSION = YES;
				CLANG_WARN_OBJC_IMPLICIT_RETAIN_SELF = YES;
				CLANG_WARN_OBJC_LITERAL_CONVERSION = YES;
				CLANG_WARN_OBJC_ROOT_CLASS = YES_ERROR;
				CLANG_WARN_QUOTED_INCLUDE_IN_FRAMEWORK_HEADER = YES;
				CLANG_WARN_RANGE_LOOP_ANALYSIS = YES;
				CLANG_WARN_STRICT_PROTOTYPES = YES;
				CLANG_WARN_SUSPICIOUS_MOVE = YES;
				CLANG_WARN_UNGUARDED_AVAILABILITY = YES_AGGRESSIVE;
				CLANG_WARN_UNREACHABLE_CODE = YES;
				CLANG_WARN__DUPLICATE_METHOD_MATCH = YES;
				COPY_PHASE_STRIP = NO;
				DEBUG_INFORMATION_FORMAT = "dwarf-with-dsym";
				ENABLE_NS_ASSERTIONS = NO;
				ENABLE_STRICT_OBJC_MSGSEND = YES;
				ENABLE_USER_SCRIPT_SANDBOXING = YES;
				GCC_C_LANGUAGE_STANDARD = gnu17;
				GCC_NO_COMMON_BLOCKS = YES;
				GCC_WARN_64_TO_32_BIT_CONVERSION = YES;
				GCC_WARN_ABOUT_RETURN_TYPE = YES_ERROR;
				GCC_WARN_UNDECLARED_SELECTOR = YES;
				GCC_WARN_UNINITIALIZED_AUTOS = YES_AGGRESSIVE;
				GCC_WARN_UNUSED_FUNCTION = YES;
				GCC_WARN_UNUSED_VARIABLE = YES;
				IPHONEOS_DEPLOYMENT_TARGET = 17.2;
				LOCALIZATION_PREFERS_STRING_CATALOGS = YES;
				MTL_ENABLE_DEBUG_INFO = NO;
				MTL_FAST_MATH = YES;
				SDKROOT = iphoneos;
				SWIFT_COMPILATION_MODE = wholemodule;
				VALIDATE_PRODUCT = YES;
			};
			name = Release;
		};
		888209632B51551D0017EBD9 /* Debug */ = {
			isa = XCBuildConfiguration;
			buildSettings = {
				ASSETCATALOG_COMPILER_APPICON_NAME = AppIcon;
				ASSETCATALOG_COMPILER_GLOBAL_ACCENT_COLOR_NAME = AccentColor;
				CODE_SIGN_STYLE = Automatic;
				CURRENT_PROJECT_VERSION = 1;
				DEVELOPMENT_TEAM = 9KR47X6UHQ;
				GENERATE_INFOPLIST_FILE = YES;
				INFOPLIST_FILE = Profess/Info.plist;
				INFOPLIST_KEY_UIApplicationSupportsIndirectInputEvents = YES;
				INFOPLIST_KEY_UILaunchStoryboardName = LaunchScreen;
				INFOPLIST_KEY_UIMainStoryboardFile = Main;
				INFOPLIST_KEY_UISupportedInterfaceOrientations_iPad = "UIInterfaceOrientationPortrait UIInterfaceOrientationPortraitUpsideDown UIInterfaceOrientationLandscapeLeft UIInterfaceOrientationLandscapeRight";
				INFOPLIST_KEY_UISupportedInterfaceOrientations_iPhone = "UIInterfaceOrientationPortrait UIInterfaceOrientationLandscapeLeft UIInterfaceOrientationLandscapeRight";
				LD_RUNPATH_SEARCH_PATHS = (
					"$(inherited)",
					"@executable_path/Frameworks",
				);
				MARKETING_VERSION = 1.0;
				PRODUCT_BUNDLE_IDENTIFIER = jikbb2.Profess;
				PRODUCT_NAME = "$(TARGET_NAME)";
				SWIFT_EMIT_LOC_STRINGS = YES;
				SWIFT_VERSION = 5.0;
				TARGETED_DEVICE_FAMILY = "1,2";
			};
			name = Debug;
		};
		888209642B51551D0017EBD9 /* Release */ = {
			isa = XCBuildConfiguration;
			buildSettings = {
				ASSETCATALOG_COMPILER_APPICON_NAME = AppIcon;
				ASSETCATALOG_COMPILER_GLOBAL_ACCENT_COLOR_NAME = AccentColor;
				CODE_SIGN_STYLE = Automatic;
				CURRENT_PROJECT_VERSION = 1;
				DEVELOPMENT_TEAM = 9KR47X6UHQ;
				GENERATE_INFOPLIST_FILE = YES;
				INFOPLIST_FILE = Profess/Info.plist;
				INFOPLIST_KEY_UIApplicationSupportsIndirectInputEvents = YES;
				INFOPLIST_KEY_UILaunchStoryboardName = LaunchScreen;
				INFOPLIST_KEY_UIMainStoryboardFile = Main;
				INFOPLIST_KEY_UISupportedInterfaceOrientations_iPad = "UIInterfaceOrientationPortrait UIInterfaceOrientationPortraitUpsideDown UIInterfaceOrientationLandscapeLeft UIInterfaceOrientationLandscapeRight";
				INFOPLIST_KEY_UISupportedInterfaceOrientations_iPhone = "UIInterfaceOrientationPortrait UIInterfaceOrientationLandscapeLeft UIInterfaceOrientationLandscapeRight";
				LD_RUNPATH_SEARCH_PATHS = (
					"$(inherited)",
					"@executable_path/Frameworks",
				);
				MARKETING_VERSION = 1.0;
				PRODUCT_BUNDLE_IDENTIFIER = jikbb2.Profess;
				PRODUCT_NAME = "$(TARGET_NAME)";
				SWIFT_EMIT_LOC_STRINGS = YES;
				SWIFT_VERSION = 5.0;
				TARGETED_DEVICE_FAMILY = "1,2";
			};
			name = Release;
		};
		888209662B51551D0017EBD9 /* Debug */ = {
			isa = XCBuildConfiguration;
			buildSettings = {
				ALWAYS_EMBED_SWIFT_STANDARD_LIBRARIES = YES;
				BUNDLE_LOADER = "$(TEST_HOST)";
				CODE_SIGN_STYLE = Automatic;
				CURRENT_PROJECT_VERSION = 1;
				DEVELOPMENT_TEAM = 9KR47X6UHQ;
				GENERATE_INFOPLIST_FILE = YES;
				IPHONEOS_DEPLOYMENT_TARGET = 17.2;
				MARKETING_VERSION = 1.0;
				PRODUCT_BUNDLE_IDENTIFIER = jikbb2.ProfessTests;
				PRODUCT_NAME = "$(TARGET_NAME)";
				SWIFT_EMIT_LOC_STRINGS = NO;
				SWIFT_VERSION = 5.0;
				TARGETED_DEVICE_FAMILY = "1,2";
				TEST_HOST = "$(BUILT_PRODUCTS_DIR)/Profess.app/$(BUNDLE_EXECUTABLE_FOLDER_PATH)/Profess";
			};
			name = Debug;
		};
		888209672B51551D0017EBD9 /* Release */ = {
			isa = XCBuildConfiguration;
			buildSettings = {
				ALWAYS_EMBED_SWIFT_STANDARD_LIBRARIES = YES;
				BUNDLE_LOADER = "$(TEST_HOST)";
				CODE_SIGN_STYLE = Automatic;
				CURRENT_PROJECT_VERSION = 1;
				DEVELOPMENT_TEAM = 9KR47X6UHQ;
				GENERATE_INFOPLIST_FILE = YES;
				IPHONEOS_DEPLOYMENT_TARGET = 17.2;
				MARKETING_VERSION = 1.0;
				PRODUCT_BUNDLE_IDENTIFIER = jikbb2.ProfessTests;
				PRODUCT_NAME = "$(TARGET_NAME)";
				SWIFT_EMIT_LOC_STRINGS = NO;
				SWIFT_VERSION = 5.0;
				TARGETED_DEVICE_FAMILY = "1,2";
				TEST_HOST = "$(BUILT_PRODUCTS_DIR)/Profess.app/$(BUNDLE_EXECUTABLE_FOLDER_PATH)/Profess";
			};
			name = Release;
		};
		888209692B51551D0017EBD9 /* Debug */ = {
			isa = XCBuildConfiguration;
			buildSettings = {
				ALWAYS_EMBED_SWIFT_STANDARD_LIBRARIES = YES;
				CODE_SIGN_STYLE = Automatic;
				CURRENT_PROJECT_VERSION = 1;
				DEVELOPMENT_TEAM = 9KR47X6UHQ;
				GENERATE_INFOPLIST_FILE = YES;
				MARKETING_VERSION = 1.0;
				PRODUCT_BUNDLE_IDENTIFIER = jikbb2.ProfessUITests;
				PRODUCT_NAME = "$(TARGET_NAME)";
				SWIFT_EMIT_LOC_STRINGS = NO;
				SWIFT_VERSION = 5.0;
				TARGETED_DEVICE_FAMILY = "1,2";
				TEST_TARGET_NAME = Profess;
			};
			name = Debug;
		};
		8882096A2B51551D0017EBD9 /* Release */ = {
			isa = XCBuildConfiguration;
			buildSettings = {
				ALWAYS_EMBED_SWIFT_STANDARD_LIBRARIES = YES;
				CODE_SIGN_STYLE = Automatic;
				CURRENT_PROJECT_VERSION = 1;
				DEVELOPMENT_TEAM = 9KR47X6UHQ;
				GENERATE_INFOPLIST_FILE = YES;
				MARKETING_VERSION = 1.0;
				PRODUCT_BUNDLE_IDENTIFIER = jikbb2.ProfessUITests;
				PRODUCT_NAME = "$(TARGET_NAME)";
				SWIFT_EMIT_LOC_STRINGS = NO;
				SWIFT_VERSION = 5.0;
				TARGETED_DEVICE_FAMILY = "1,2";
				TEST_TARGET_NAME = Profess;
			};
			name = Release;
		};
/* End XCBuildConfiguration section */

/* Begin XCConfigurationList section */
		888209332B51551B0017EBD9 /* Build configuration list for PBXProject "Profess" */ = {
			isa = XCConfigurationList;
			buildConfigurations = (
				888209602B51551D0017EBD9 /* Debug */,
				888209612B51551D0017EBD9 /* Release */,
			);
			defaultConfigurationIsVisible = 0;
			defaultConfigurationName = Release;
		};
		888209622B51551D0017EBD9 /* Build configuration list for PBXNativeTarget "Profess" */ = {
			isa = XCConfigurationList;
			buildConfigurations = (
				888209632B51551D0017EBD9 /* Debug */,
				888209642B51551D0017EBD9 /* Release */,
			);
			defaultConfigurationIsVisible = 0;
			defaultConfigurationName = Release;
		};
		888209652B51551D0017EBD9 /* Build configuration list for PBXNativeTarget "ProfessTests" */ = {
			isa = XCConfigurationList;
			buildConfigurations = (
				888209662B51551D0017EBD9 /* Debug */,
				888209672B51551D0017EBD9 /* Release */,
			);
			defaultConfigurationIsVisible = 0;
			defaultConfigurationName = Release;
		};
		888209682B51551D0017EBD9 /* Build configuration list for PBXNativeTarget "ProfessUITests" */ = {
			isa = XCConfigurationList;
			buildConfigurations = (
				888209692B51551D0017EBD9 /* Debug */,
				8882096A2B51551D0017EBD9 /* Release */,
			);
			defaultConfigurationIsVisible = 0;
			defaultConfigurationName = Release;
		};
/* End XCConfigurationList section */
	};
	rootObject = 888209302B51551B0017EBD9 /* Project object */;
}
